// !$*UTF8*$!
{
	archiveVersion = 1;
	classes = {
	};
	objectVersion = 77;
	objects = {

/* Begin PBXBuildFile section */
		006A95722A4683A7691F5B6F /* MobilePhotoImportPresentationTests.swift in Sources */ = {isa = PBXBuildFile; fileRef = D9C97073F4E6A76342F1FD1E /* MobilePhotoImportPresentationTests.swift */; };
		01B3F81A328DC5C6885A2EA4 /* MobileDownloadsSafetyTests.swift in Sources */ = {isa = PBXBuildFile; fileRef = 30D5E6AF957EFD1DAD63360F /* MobileDownloadsSafetyTests.swift */; };
		03A02ABF397FF142ABA10199 /* MobileVirtualMachineInventoryModelTests.swift in Sources */ = {isa = PBXBuildFile; fileRef = DD14EC2D6F24EAEE73685EBD /* MobileVirtualMachineInventoryModelTests.swift */; };
		03FC15C8827AC62FCE6F6FE2 /* MobilePhotoTimelineModelTests.swift in Sources */ = {isa = PBXBuildFile; fileRef = B12D5578616F6ACC02EE781C /* MobilePhotoTimelineModelTests.swift */; };
		05FC52A091594BF9F8E96B62 /* DsmLocalization in Frameworks */ = {isa = PBXBuildFile; productRef = 1378A92318CD7678974010E4 /* DsmLocalization */; };
		0753F981049D0712A812E9B2 /* MobileFileBrowserModel.swift in Sources */ = {isa = PBXBuildFile; fileRef = ED078A6D81DD1ECA45E75D11 /* MobileFileBrowserModel.swift */; };
		09438DAA0ACF247F46F5E360 /* MobileActivityPresentationTests.swift in Sources */ = {isa = PBXBuildFile; fileRef = 2020DED0E172C5755E138C60 /* MobileActivityPresentationTests.swift */; };
		0BE0A5C7839461AC9C0A6413 /* MobileContainerInventoryModelTests.swift in Sources */ = {isa = PBXBuildFile; fileRef = 177BA89A182A56567AC506D3 /* MobileContainerInventoryModelTests.swift */; };
		0C50A25BDBCAD1F8C3ECFE2B /* MobileFileCopyMoveView.swift in Sources */ = {isa = PBXBuildFile; fileRef = C7B24736F93A76A35A8BFAE3 /* MobileFileCopyMoveView.swift */; };
		0CD7363223C7FDD370BC0E9D /* MobileFileLocationsModel.swift in Sources */ = {isa = PBXBuildFile; fileRef = 98237495B4637F541E44532B /* MobileFileLocationsModel.swift */; };
		0DE9E34E1ED20A280E95275C /* AppIcon.png in Resources */ = {isa = PBXBuildFile; fileRef = C0C941E338B615CF4156D6DF /* AppIcon.png */; };
		0E06BD264AEB202819B2325B /* MobileMutationCoordinatorTests.swift in Sources */ = {isa = PBXBuildFile; fileRef = A6814C944FA1EC32536CDF09 /* MobileMutationCoordinatorTests.swift */; };
		0E2443A13F469987B53F8983 /* MobileFileBrowser.swift in Sources */ = {isa = PBXBuildFile; fileRef = 2A919AA45E98DCDB92207412 /* MobileFileBrowser.swift */; };
		10839236490F91EE60961FE8 /* MobileSecureRangeReader.swift in Sources */ = {isa = PBXBuildFile; fileRef = 2D941EADC998C957073E76F8 /* MobileSecureRangeReader.swift */; };
		1426FE1B006C7564A67E6441 /* Localizable.strings in Resources */ = {isa = PBXBuildFile; fileRef = 313CF1924503C1EB6667424B /* Localizable.strings */; };
		157502F0B337806E934A6E0E /* MobileAppModel+Session.swift in Sources */ = {isa = PBXBuildFile; fileRef = 220597A147A46D028B76DCBF /* MobileAppModel+Session.swift */; };
		15A65C2A073C2588FF41C02E /* MobileFileShareLinkModelTests.swift in Sources */ = {isa = PBXBuildFile; fileRef = A02E9A94EB5A4C38A3CFAE7B /* MobileFileShareLinkModelTests.swift */; };
		16D7B484DCFD158D40860A17 /* MobileChatModelTests.swift in Sources */ = {isa = PBXBuildFile; fileRef = 04A46753F409CE7A5C2965A5 /* MobileChatModelTests.swift */; };
		1898F686C815970A8E97DB52 /* MobileFileActivityModelTests.swift in Sources */ = {isa = PBXBuildFile; fileRef = 7F0EC939E446CFFBC7E3EEBE /* MobileFileActivityModelTests.swift */; };
		1B2733D3643F708F7E3817BC /* MobileSettingsView.swift in Sources */ = {isa = PBXBuildFile; fileRef = 8C92A2E2CCE19C2C1C47E97B /* MobileSettingsView.swift */; };
		1BEFB4455D86CA4CE6AC1026 /* MobileFileActivityModel.swift in Sources */ = {isa = PBXBuildFile; fileRef = 888350244564C82E3E6CBAFF /* MobileFileActivityModel.swift */; };
		1E20ADF3FA6939191A58942C /* MobileTransferStateTests.swift in Sources */ = {isa = PBXBuildFile; fileRef = 6F84FD2D182696A03E63509A /* MobileTransferStateTests.swift */; };
		1FB45EC8E128574E56E0FD4B /* MobileDocumentTransferController.swift in Sources */ = {isa = PBXBuildFile; fileRef = 8F77F7EA2BA0380BFBDC4A16 /* MobileDocumentTransferController.swift */; };
		20DA9FB3FE2467E114AF7903 /* MobileQuickLookPreview.swift in Sources */ = {isa = PBXBuildFile; fileRef = 047A23643F3DCE4145E60D10 /* MobileQuickLookPreview.swift */; };
		2144B79D45D91BA7D0F96191 /* MobileFileDetailsView.swift in Sources */ = {isa = PBXBuildFile; fileRef = 1AB67ABFFBD0FCCEFE0C2BBA /* MobileFileDetailsView.swift */; };
		224A782C73ABF6721C97DD3C /* MobileFileItemMutationModelTests.swift in Sources */ = {isa = PBXBuildFile; fileRef = AAB5A254B4581F16586FE9F3 /* MobileFileItemMutationModelTests.swift */; };
		25BFE595A4035B82B11A24FB /* MobileSettingsStore.swift in Sources */ = {isa = PBXBuildFile; fileRef = CBA7A2040AE214D55509151C /* MobileSettingsStore.swift */; };
		26F4F5240F6D4FC1B5EA83BE /* MobileReadOnlyNasHealthRepository.swift in Sources */ = {isa = PBXBuildFile; fileRef = BC387C853D1B6489742ED826 /* MobileReadOnlyNasHealthRepository.swift */; };
		271DC61198259C2E57745F7F /* MobilePhotosPresentationTests.swift in Sources */ = {isa = PBXBuildFile; fileRef = A0C4213FAEC799690834446E /* MobilePhotosPresentationTests.swift */; };
		2A8EB7E79BE745588AAB9920 /* MobileAppModel+Downloads.swift in Sources */ = {isa = PBXBuildFile; fileRef = ED7845C53CCF98E74E1F8119 /* MobileAppModel+Downloads.swift */; };
		2D1F21087AF685B3985DFBCB /* MobileFileItemMutationPresentationTests.swift in Sources */ = {isa = PBXBuildFile; fileRef = 8C1E44F325595EDC7115343E /* MobileFileItemMutationPresentationTests.swift */; };
		2EB264E0E5DEE62898843DFD /* MobileFileBrowserModelTests.swift in Sources */ = {isa = PBXBuildFile; fileRef = 10233385CFE9A466085BA027 /* MobileFileBrowserModelTests.swift */; };
		36A42019A596EE95624211B7 /* MobilePhotoTimelinePresentationTests.swift in Sources */ = {isa = PBXBuildFile; fileRef = EA1C058948EC3E3E2B7EE6E3 /* MobilePhotoTimelinePresentationTests.swift */; };
		37516C021D25FCB4AE7CF7F1 /* MobileSettingsTests.swift in Sources */ = {isa = PBXBuildFile; fileRef = B8482E65435CAE758544DF70 /* MobileSettingsTests.swift */; };
		37CF63D2A6D9EBEFD4220986 /* MobileFileItemMutationView.swift in Sources */ = {isa = PBXBuildFile; fileRef = 8ADFCF13C9EBB8AE3F67648B /* MobileFileItemMutationView.swift */; };
		382DC60E969EC3856782B694 /* MobileSecureStoreDefaultsTests.swift in Sources */ = {isa = PBXBuildFile; fileRef = 61BD8119CED9AD173638CF50 /* MobileSecureStoreDefaultsTests.swift */; };
		38DC76513C796CE754CA595C /* MobileFileCopyMoveModel.swift in Sources */ = {isa = PBXBuildFile; fileRef = 245A9E8184A8B60E2305C61D /* MobileFileCopyMoveModel.swift */; };
		39F96BDF05F27E180FDE122A /* MobileNasHealthState.swift in Sources */ = {isa = PBXBuildFile; fileRef = EE274AAC7E0CBED97B002C59 /* MobileNasHealthState.swift */; };
		3A6A3DF703F83217A7365159 /* MobileDocumentTransferTests.swift in Sources */ = {isa = PBXBuildFile; fileRef = E15C27EF86330C93C5B8B459 /* MobileDocumentTransferTests.swift */; };
		3CAE31A0ABF71FEF9B4B953E /* MobileFileBrowserState.swift in Sources */ = {isa = PBXBuildFile; fileRef = 563278D949C1A32C01CCE48E /* MobileFileBrowserState.swift */; };
		3CCBC884D014C8567DFF1877 /* MobileDesignTokens.swift in Sources */ = {isa = PBXBuildFile; fileRef = E5A92BB36D80B20C0388F7C6 /* MobileDesignTokens.swift */; };
		435FEA22AAE74D42E187F068 /* MobileFilePreviewModelTests.swift in Sources */ = {isa = PBXBuildFile; fileRef = 70A12B8787A2A01F887067C8 /* MobileFilePreviewModelTests.swift */; };
		45206CDAAD36881543019536 /* MobileFileLocationsModelTests.swift in Sources */ = {isa = PBXBuildFile; fileRef = 7383F444C9E41E1B664CFFEC /* MobileFileLocationsModelTests.swift */; };
		46A81F13260E0E6B24DEFC73 /* MobileContainersView.swift in Sources */ = {isa = PBXBuildFile; fileRef = CA92F3241E2F6936AED99DAB /* MobileContainersView.swift */; };
		47E8C57E2F7F7F29055F51CB /* MobileFilePreviewPresentationTests.swift in Sources */ = {isa = PBXBuildFile; fileRef = 2CE444F597D515DF65947F6B /* MobileFilePreviewPresentationTests.swift */; };
		48C22D6E3546504D1CA1189F /* MobileAppModel+Administration.swift in Sources */ = {isa = PBXBuildFile; fileRef = 26F9C7DF082FB1D97D86412D /* MobileAppModel+Administration.swift */; };
		490B15935B1C677994311ED9 /* MobileNasDetailsModel.swift in Sources */ = {isa = PBXBuildFile; fileRef = 5BC1B6B4789B92DEF6975228 /* MobileNasDetailsModel.swift */; };
		4A3D053A1BFAD7FA2847C45F /* MobileDownloadBTSearchView.swift in Sources */ = {isa = PBXBuildFile; fileRef = 1665A641459B94502F9DAD67 /* MobileDownloadBTSearchView.swift */; };
		4ABCFAD4455CA645AD2A33FA /* MobileFileRecycleActionPresentationTests.swift in Sources */ = {isa = PBXBuildFile; fileRef = 47FEE7AEDA7E118C66AF9696 /* MobileFileRecycleActionPresentationTests.swift */; };
		4C6A2D3FFE961269EB57FDD3 /* MobileAppModel+Files.swift in Sources */ = {isa = PBXBuildFile; fileRef = A8D3F4F039BA27472F90B325 /* MobileAppModel+Files.swift */; };
		4CBE077967C5F4DED6B32C08 /* MobileChatAttachmentTests.swift in Sources */ = {isa = PBXBuildFile; fileRef = 695E56167B0E793BE9796CCD /* MobileChatAttachmentTests.swift */; };
		50B8AFE135A387C4D0A11CB7 /* MobileChatAttachmentSelection.swift in Sources */ = {isa = PBXBuildFile; fileRef = 10D7D9F4CBF78029C56975CA /* MobileChatAttachmentSelection.swift */; };
		5204B26460967C98388305C6 /* DsmNetwork in Frameworks */ = {isa = PBXBuildFile; productRef = 014F2C74E046B32D937E73A2 /* DsmNetwork */; };
		5452D9BF6AA2C12EDD61ACD9 /* MobileNasSettingsView.swift in Sources */ = {isa = PBXBuildFile; fileRef = FEB950076B1973FBC51978ED /* MobileNasSettingsView.swift */; };
		55CCA0A5A91BF07F6F762928 /* MobileChatAttachmentModel.swift in Sources */ = {isa = PBXBuildFile; fileRef = D99C0DDF69CB7426FBCC8969 /* MobileChatAttachmentModel.swift */; };
		5E2641F6D2CA263936D13B33 /* AppDestination.swift in Sources */ = {isa = PBXBuildFile; fileRef = BB5CF9C9C1745A9CEECB03A6 /* AppDestination.swift */; };
		6044E88EEA890F92C2860976 /* MobileContainerInventoryState.swift in Sources */ = {isa = PBXBuildFile; fileRef = 12DDC9EC9426E8529DC945F9 /* MobileContainerInventoryState.swift */; };
		607735ADABD5DAC7CD85379F /* MobileFileItemMutationState.swift in Sources */ = {isa = PBXBuildFile; fileRef = 53D590E883373E65304C9AB2 /* MobileFileItemMutationState.swift */; };
		611B90EA0DAAA164284827D7 /* MobilePhotoViewerPresentationTests.swift in Sources */ = {isa = PBXBuildFile; fileRef = D57A1FBEB7F7DF54CB68F6D3 /* MobilePhotoViewerPresentationTests.swift */; };
		61CE53A0F5F1F5B374D9B5E3 /* MobileFilePreviewView.swift in Sources */ = {isa = PBXBuildFile; fileRef = 17EF4D1E2C494CB4418919DE /* MobileFilePreviewView.swift */; };
		6394B4C4C0B71B453620827D /* Assets.xcassets in Resources */ = {isa = PBXBuildFile; fileRef = C7E3C64B837651EFE7D18295 /* Assets.xcassets */; };
		63BF5103A417F4791B19DB91 /* MobileTransferCoordinator.swift in Sources */ = {isa = PBXBuildFile; fileRef = 51E41D340C755304460A6091 /* MobileTransferCoordinator.swift */; };
		661BB3CE267EF56B919E9B44 /* MobileFileCopyMovePresentationTests.swift in Sources */ = {isa = PBXBuildFile; fileRef = E5D7E7DF2CF1AED1F506B0C4 /* MobileFileCopyMovePresentationTests.swift */; };
		665368FDAE81125FFC9AE7E0 /* MobileFileLocationsPresentationTests.swift in Sources */ = {isa = PBXBuildFile; fileRef = 0514C75FC831D60F61393D80 /* MobileFileLocationsPresentationTests.swift */; };
		6786CB4BDAED78DDCFF8E22C /* MobileVirtualMachinePresentationTests.swift in Sources */ = {isa = PBXBuildFile; fileRef = 3322215F3281971D0BF26C51 /* MobileVirtualMachinePresentationTests.swift */; };
		6941A1EFDDE29EBA7A380398 /* MobilePageStateView.swift in Sources */ = {isa = PBXBuildFile; fileRef = FCC97D6A4CF383292773C52E /* MobilePageStateView.swift */; };
		6A744AAABA74634D0B4628F4 /* MobileFileShareLinkView.swift in Sources */ = {isa = PBXBuildFile; fileRef = 9AD2F0694B89D90D83E45AF5 /* MobileFileShareLinkView.swift */; };
		6BB01913520A4953A3337983 /* MobilePhotoTimelineModel.swift in Sources */ = {isa = PBXBuildFile; fileRef = 98D3E68F93FA5FABDE0D1C2B /* MobilePhotoTimelineModel.swift */; };
		6BC5E997C3079FF1CB7D3B68 /* MobileAppModel+Workspace.swift in Sources */ = {isa = PBXBuildFile; fileRef = 9C2FA017ECE34AD4EC38C193 /* MobileAppModel+Workspace.swift */; };
		70E932303769E6811F205B52 /* DsmCore in Frameworks */ = {isa = PBXBuildFile; productRef = 28492EA0CE4CAD3EC3C9163D /* DsmCore */; };
		73FEB598C1BB0420DC0929AC /* MobileMutationFeedbackView.swift in Sources */ = {isa = PBXBuildFile; fileRef = 3605D9C078C072DC4969593E /* MobileMutationFeedbackView.swift */; };
		762C8185B749954CEA407F07 /* MobilePhotosView.swift in Sources */ = {isa = PBXBuildFile; fileRef = E7ED010D418522311FB502AA /* MobilePhotosView.swift */; };
		78F0A277A3649F85D1DC7E74 /* MobilePhotoTimelineState.swift in Sources */ = {isa = PBXBuildFile; fileRef = 3E9635AC9995D62F1F698785 /* MobilePhotoTimelineState.swift */; };
		794A78854FF3A327BA9B1555 /* MobileFileShareLinkPresentationTests.swift in Sources */ = {isa = PBXBuildFile; fileRef = DB54833C3A49B141211BC5C7 /* MobileFileShareLinkPresentationTests.swift */; };
		795B81748697CB22543C46F0 /* MobileActivityModels.swift in Sources */ = {isa = PBXBuildFile; fileRef = A6F3DA68D98267B5586563C3 /* MobileActivityModels.swift */; };
		796439823EF4A79F175A3901 /* MobileFileCopyMoveModelTests.swift in Sources */ = {isa = PBXBuildFile; fileRef = 32A8D68C710C4F9900373B35 /* MobileFileCopyMoveModelTests.swift */; };
		7E3B76C6EAC5ADF532E70BDC /* MobilePhotoThumbnailStore.swift in Sources */ = {isa = PBXBuildFile; fileRef = 80C124FF6289432799159A4D /* MobilePhotoThumbnailStore.swift */; };
		7EDD0DC33634D81182EE3772 /* MobileNasHealthModelTests.swift in Sources */ = {isa = PBXBuildFile; fileRef = 748AEBE10DD2AE1F285EA14E /* MobileNasHealthModelTests.swift */; };
		7F75D61A2F42AFC1699A4AF9 /* MobileNasDetailsView.swift in Sources */ = {isa = PBXBuildFile; fileRef = D59BDC2D30FFD77B42553B33 /* MobileNasDetailsView.swift */; };
		81DD84E9037615F06BFBBC38 /* MobileReadOnlyChatRepository.swift in Sources */ = {isa = PBXBuildFile; fileRef = B9751A989A09B1D121D8CD68 /* MobileReadOnlyChatRepository.swift */; };
		82453EED8BF23F11975B2278 /* MobileChatView.swift in Sources */ = {isa = PBXBuildFile; fileRef = 6DE776F2D37AACF49BE2BBEA /* MobileChatView.swift */; };
		829E16E8819DE0FA8F7BF17C /* CertificateReviewState.swift in Sources */ = {isa = PBXBuildFile; fileRef = 6DBD4CD0B29A929CC6FDD2D4 /* CertificateReviewState.swift */; };
		83632198800AD98E4C81F29A /* MobileFileCopyMoveState.swift in Sources */ = {isa = PBXBuildFile; fileRef = B632F6952A251C8ACB5032CF /* MobileFileCopyMoveState.swift */; };
		848086CE7C88C9F79A2A6E3E /* MobileFilePreviewModel.swift in Sources */ = {isa = PBXBuildFile; fileRef = 9B2950BE2B1676E080A80F7F /* MobileFilePreviewModel.swift */; };
		8546CE89F2814F1AD17E5ED8 /* MobilePhotosPickerServing.swift in Sources */ = {isa = PBXBuildFile; fileRef = 005D0987EC182BE46A3B8582 /* MobilePhotosPickerServing.swift */; };
		8648818FF4ECAFE35910E55D /* MobileVirtualMachinesView.swift in Sources */ = {isa = PBXBuildFile; fileRef = 1580A58CC5112D0E8A6586B8 /* MobileVirtualMachinesView.swift */; };
		87E1FD2E717DC19DC01771B9 /* MobileLoginView.swift in Sources */ = {isa = PBXBuildFile; fileRef = 8AA7A3514665A3FFE403D4A6 /* MobileLoginView.swift */; };
		89AA0C09E73CBE509890F4E6 /* MobilePhotoViewerState.swift in Sources */ = {isa = PBXBuildFile; fileRef = B30FFF0D525CCE3EAE959397 /* MobilePhotoViewerState.swift */; };
		8F506A92F1043F4B63C65957 /* MobileShareSheet.swift in Sources */ = {isa = PBXBuildFile; fileRef = D3DA32210EE689A1BCF38C8F /* MobileShareSheet.swift */; };
		957BC9BEDC6EDEB3F0FEDBE9 /* MobileNasDetailsState.swift in Sources */ = {isa = PBXBuildFile; fileRef = F7DE5B4766BC98D570470502 /* MobileNasDetailsState.swift */; };
		97938D7B0AC80E7384388680 /* KeychainSessionStore.swift in Sources */ = {isa = PBXBuildFile; fileRef = F9AD25190A561C9AB18A6B09 /* KeychainSessionStore.swift */; };
		99249ACD6CE25680C74602C2 /* MobilePhotoLibraryModelTests.swift in Sources */ = {isa = PBXBuildFile; fileRef = 91E1F3794BFF1E341F2E968C /* MobilePhotoLibraryModelTests.swift */; };
		9B80490730E878DEFCC634A4 /* MobilePhotoViewerModelTests.swift in Sources */ = {isa = PBXBuildFile; fileRef = 066ED82E47A801F00E15074B /* MobilePhotoViewerModelTests.swift */; };
		9DE33E6EC691C9C4BD4D7801 /* MobileReadOnlyVirtualMachineRepository.swift in Sources */ = {isa = PBXBuildFile; fileRef = 83D72DC71018D24D7643BEC7 /* MobileReadOnlyVirtualMachineRepository.swift */; };
		9EA98E1229DE58F0DF661267 /* MobileDocumentExporter.swift in Sources */ = {isa = PBXBuildFile; fileRef = 357810527D8B82717F681250 /* MobileDocumentExporter.swift */; };
		9ED0830E21EDC9943C485BA6 /* MobileChatConversationCreator.swift in Sources */ = {isa = PBXBuildFile; fileRef = 946E6D183FAF88185667FC50 /* MobileChatConversationCreator.swift */; };
		A3B7FF943FFB3986E1106FF3 /* MobilePhotoTimelineView.swift in Sources */ = {isa = PBXBuildFile; fileRef = FC722A35DBD74157E9C33B85 /* MobilePhotoTimelineView.swift */; };
		A412DF788F3C9658C74FE6CB /* MobileDownloadsView.swift in Sources */ = {isa = PBXBuildFile; fileRef = 3BA1C0196B4D1AA01DFDEC62 /* MobileDownloadsView.swift */; };
		A55817773722F79E87C57CE0 /* InfoPlist.strings in Resources */ = {isa = PBXBuildFile; fileRef = 83C0AB333F8D5F74490217B4 /* InfoPlist.strings */; };
		A5AEE6A38E0514C6EA1692B7 /* MobileContainerPresentationTests.swift in Sources */ = {isa = PBXBuildFile; fileRef = 76C9243C7D248345AE585834 /* MobileContainerPresentationTests.swift */; };
		A6369AA232E7BFB52D0875CF /* MobilePhotoGrid.swift in Sources */ = {isa = PBXBuildFile; fileRef = 69EFD1C58B40E4BD5E3687CD /* MobilePhotoGrid.swift */; };
		A7C1FFE460A300469618F50F /* MobileNasHealthPresentationTests.swift in Sources */ = {isa = PBXBuildFile; fileRef = 538B7C63824F35DFB08E16D1 /* MobileNasHealthPresentationTests.swift */; };
		A80A9A2515CCB07395E87215 /* MobileMediaPlayer.swift in Sources */ = {isa = PBXBuildFile; fileRef = F9E34CE25C33B2C9D297AFD7 /* MobileMediaPlayer.swift */; };
		A81C0E1ED02E79DFAD086478 /* MobilePhotoImportModel.swift in Sources */ = {isa = PBXBuildFile; fileRef = D0BCF06F0AE22FBEC1CA25B6 /* MobilePhotoImportModel.swift */; };
		A92F8A3A03B3C1C778A309B6 /* MobilePhotoLibraryModel.swift in Sources */ = {isa = PBXBuildFile; fileRef = EA33F792D50C901DD265A1E2 /* MobilePhotoLibraryModel.swift */; };
		AC637B9BDA0F7933EFC85AC8 /* MobileFileRecycleActionState.swift in Sources */ = {isa = PBXBuildFile; fileRef = 1A274539D5C1D7977FF5483D /* MobileFileRecycleActionState.swift */; };
		ADEC01498BDB4D86E619729C /* DsmMobileApp.swift in Sources */ = {isa = PBXBuildFile; fileRef = F98360F050406F1BD9076A89 /* DsmMobileApp.swift */; };
		AE9AF6DD661530F904C4E38F /* MobileContainerInventoryModel.swift in Sources */ = {isa = PBXBuildFile; fileRef = 55989B2239A86F23EE21D2AB /* MobileContainerInventoryModel.swift */; };
		AEF6DF071CFDC2D02687D5DB /* MobileChatRemoteAttachmentActions.swift in Sources */ = {isa = PBXBuildFile; fileRef = D8DC8F59A9D7E0D860427DD2 /* MobileChatRemoteAttachmentActions.swift */; };
		AF25080AAD4ACE3C3B6AD8E9 /* MobileClipboard.swift in Sources */ = {isa = PBXBuildFile; fileRef = 18AB6262ECEDDEA15D3DD57F /* MobileClipboard.swift */; };
		AFCBDEF374E851175B9C1325 /* MobileFileBrowserPresentationTests.swift in Sources */ = {isa = PBXBuildFile; fileRef = 6FBEDA87DD38606AF73B3D3E /* MobileFileBrowserPresentationTests.swift */; };
		AFDB3F2E15C2595BF4263ED6 /* MobileFileShareLinkState.swift in Sources */ = {isa = PBXBuildFile; fileRef = CEF417416E4213239AC754CA /* MobileFileShareLinkState.swift */; };
		B382ECFF6E33E19DBD254CF8 /* MobileActivityView.swift in Sources */ = {isa = PBXBuildFile; fileRef = C50CF206BC2C562330B40FE6 /* MobileActivityView.swift */; };
		B3909426925F6DA75A3F785E /* MobilePhotoImportModelTests.swift in Sources */ = {isa = PBXBuildFile; fileRef = AA9CAE141B687329ABF62ACB /* MobilePhotoImportModelTests.swift */; };
		B3D16F80E221E91955236A29 /* MobileFileItemMutationModel.swift in Sources */ = {isa = PBXBuildFile; fileRef = A8A8FF3BE72F5AC241183604 /* MobileFileItemMutationModel.swift */; };
		B7B2C648446B68805575E6C4 /* MobileFileLocationsState.swift in Sources */ = {isa = PBXBuildFile; fileRef = 6B9182C3B7EB67E2377835EC /* MobileFileLocationsState.swift */; };
		B7F3C38CE9E15AF8CD9EAE92 /* MobileFilePreviewState.swift in Sources */ = {isa = PBXBuildFile; fileRef = 0BA77BCD1CACBAB1760DE09D /* MobileFilePreviewState.swift */; };
		B8FF4554BD85132C8C93103A /* MobileChatConversationPinStore.swift in Sources */ = {isa = PBXBuildFile; fileRef = 66583AC042046A17C5D717BE /* MobileChatConversationPinStore.swift */; };
		BA9E48676E340964A14E021A /* MobileVirtualMachineInventoryState.swift in Sources */ = {isa = PBXBuildFile; fileRef = BA4355F071E7D057D4D861A2 /* MobileVirtualMachineInventoryState.swift */; };
		BE942E87306486507A8C241F /* MobilePhotoViewerView.swift in Sources */ = {isa = PBXBuildFile; fileRef = 614D02CCBAEC3B6CF1A0A458 /* MobilePhotoViewerView.swift */; };
		BF37BC62FBC1C293E448DCCA /* MobileWorkspaceView.swift in Sources */ = {isa = PBXBuildFile; fileRef = ADD99FE2491D9DADDD49245F /* MobileWorkspaceView.swift */; };
		C0336B061806026E8D78DF80 /* MobilePageState.swift in Sources */ = {isa = PBXBuildFile; fileRef = FE68C11460DF3803FF35B9EE /* MobilePageState.swift */; };
		C04845DC7801099517555CAD /* MobileNasDetailsModelTests.swift in Sources */ = {isa = PBXBuildFile; fileRef = F747DE9CEF5793AC7CD7B877 /* MobileNasDetailsModelTests.swift */; };
		C116711498149DBF280FD5D8 /* MobileReadOnlyContainerRepository.swift in Sources */ = {isa = PBXBuildFile; fileRef = 5BB2C0188998FDF89AD9FC01 /* MobileReadOnlyContainerRepository.swift */; };
		C57B05887872F7F7CB34393A /* MobileSessionShellTests.swift in Sources */ = {isa = PBXBuildFile; fileRef = 7B11C7FC8161331CA90ECF34 /* MobileSessionShellTests.swift */; };
		C5D19D1EA5C3B4EB77CBFFEC /* MobileFileShareLinkModel.swift in Sources */ = {isa = PBXBuildFile; fileRef = 9220E5EB8824241A678CA909 /* MobileFileShareLinkModel.swift */; };
		C6D7C157FFAF5FC1A8187802 /* MobileReadOnlyNasDetailsRepository.swift in Sources */ = {isa = PBXBuildFile; fileRef = D2DFBF8FAB13E7C1529A7223 /* MobileReadOnlyNasDetailsRepository.swift */; };
		C6DBB1F1C2E6E594D09204F3 /* MobileModuleTests.swift in Sources */ = {isa = PBXBuildFile; fileRef = F13179FE2BF0AAE3F3AC76FF /* MobileModuleTests.swift */; };
		C9CC77271DF678AC0F6A4131 /* MobileFileRecycleActionModel.swift in Sources */ = {isa = PBXBuildFile; fileRef = ABE01EDB2ED539DA91328286 /* MobileFileRecycleActionModel.swift */; };
		C9E92410C1CB08B4A9198061 /* MobileFileRecycleActionModelTests.swift in Sources */ = {isa = PBXBuildFile; fileRef = 5B0C6D7E3892F3433F57E770 /* MobileFileRecycleActionModelTests.swift */; };
		CE59E03E793698910ED7B627 /* MobileRootView.swift in Sources */ = {isa = PBXBuildFile; fileRef = CE10A6BED72EC4EC9E953AC0 /* MobileRootView.swift */; };
		CE5C54DDCC2B4E658704B5AB /* MobilePhotoImportState.swift in Sources */ = {isa = PBXBuildFile; fileRef = A28A3A851A297BE9BA335B0D /* MobilePhotoImportState.swift */; };
		D083C13FCDE232573C1765EC /* MobilePhotoViewerModel.swift in Sources */ = {isa = PBXBuildFile; fileRef = 26A13816218A0CD8E70D1ED5 /* MobilePhotoViewerModel.swift */; };
		D0ABDAF422804B56EB68310D /* MobileFileRecycleActionView.swift in Sources */ = {isa = PBXBuildFile; fileRef = FF474193EBD9FA1F91348FFD /* MobileFileRecycleActionView.swift */; };
		D0C8EF4AA2EB8F8B19812439 /* MobileCertificateReviewTests.swift in Sources */ = {isa = PBXBuildFile; fileRef = C3023B003490EA8546A37D58 /* MobileCertificateReviewTests.swift */; };
		D1340D4E6A19D5F848039DA6 /* MobilePhotoCell.swift in Sources */ = {isa = PBXBuildFile; fileRef = 087660D994A5EA1E29F0E00D /* MobilePhotoCell.swift */; };
		D1E09752EBF2D04D11515A51 /* MobileTransferServing.swift in Sources */ = {isa = PBXBuildFile; fileRef = 187332876EEF669EF1627CC9 /* MobileTransferServing.swift */; };
		D2762157688C1AC93EA7AE9C /* MobileChatAttachmentView.swift in Sources */ = {isa = PBXBuildFile; fileRef = 097C67D88F0CB60D14D53AFB /* MobileChatAttachmentView.swift */; };
		D307A06A2C0733D5CCC4E5BF /* MobileMutationCoordinator.swift in Sources */ = {isa = PBXBuildFile; fileRef = D661A354942BFCFE8EEC9CFD /* MobileMutationCoordinator.swift */; };
		D5338AE8B4F01F3AB687B9F7 /* MobileVirtualMachineInventoryModel.swift in Sources */ = {isa = PBXBuildFile; fileRef = 60249569946CF43222058C6F /* MobileVirtualMachineInventoryModel.swift */; };
		D5CF58E15FB6C7D8E8360C75 /* MobileChatPresentationTests.swift in Sources */ = {isa = PBXBuildFile; fileRef = 82AF03B16F3BDC0B180772DB /* MobileChatPresentationTests.swift */; };
		D7A7F3F1CB532AB8047A8AD4 /* MobilePhotoImportView.swift in Sources */ = {isa = PBXBuildFile; fileRef = 721E8F0FBB4B601BEF88A98B /* MobilePhotoImportView.swift */; };
		DA5E5AD8855709AFDE5C9C0B /* MobileAppModel.swift in Sources */ = {isa = PBXBuildFile; fileRef = 92395C126B031A5B6E4FA23A /* MobileAppModel.swift */; };
		DC658BDAB1D1D08A26131F33 /* MobileFileLocationsView.swift in Sources */ = {isa = PBXBuildFile; fileRef = 7D2CB42CEC5AE1F10B5FE43F /* MobileFileLocationsView.swift */; };
		E3DC4CA421C261CCFB2D0602 /* MobileChatModel.swift in Sources */ = {isa = PBXBuildFile; fileRef = 8B8327A63A22514714F883D1 /* MobileChatModel.swift */; };
		E57D2E695E616F30EBE7349C /* MobileContentStateTests.swift in Sources */ = {isa = PBXBuildFile; fileRef = 2EC7084D6815E02965F44E87 /* MobileContentStateTests.swift */; };
		E73F457CC88E78D95548EA80 /* MobileSettingsState.swift in Sources */ = {isa = PBXBuildFile; fileRef = 0760F4537FDCC7A83621B9C7 /* MobileSettingsState.swift */; };
		E7D4C931BA169D77BCCA7CCB /* MobileCommonViews.swift in Sources */ = {isa = PBXBuildFile; fileRef = F49A6A40E7D7A7B79C5A0A4D /* MobileCommonViews.swift */; };
		E83543BCF1E11497640AA0DE /* MobileFileShareLinkIntegrationTests.swift in Sources */ = {isa = PBXBuildFile; fileRef = CD79516204D8F6367D61EC89 /* MobileFileShareLinkIntegrationTests.swift */; };
		EE0273D20F87B7CB740684E5 /* MobileChatState.swift in Sources */ = {isa = PBXBuildFile; fileRef = 1C1465865FA0F0DD22BD75F5 /* MobileChatState.swift */; };
		F887FB2444C7BE9EFBCD8C21 /* MobilePhotoLibraryState.swift in Sources */ = {isa = PBXBuildFile; fileRef = DDAD864CCC670535E48D032D /* MobilePhotoLibraryState.swift */; };
		FBE85F3789AAABA5DA06B9E0 /* MobileFilePreviewIntegrationTests.swift in Sources */ = {isa = PBXBuildFile; fileRef = 9B72BECFCCB7C3A6A4079137 /* MobileFilePreviewIntegrationTests.swift */; };
		FD04D6478BDD555BD3A7A68E /* MobileNasHealthModel.swift in Sources */ = {isa = PBXBuildFile; fileRef = AF5351AB40A12EAE972DD4A8 /* MobileNasHealthModel.swift */; };
/* End PBXBuildFile section */

/* Begin PBXContainerItemProxy section */
		D1A418AC228246B7EEC302A0 /* PBXContainerItemProxy */ = {
			isa = PBXContainerItemProxy;
			containerPortal = D6A8E76CA318D27E9A0868BA /* Project object */;
			proxyType = 1;
			remoteGlobalIDString = BD40B04E2D905310E229318F;
			remoteInfo = DsmMobile;
		};
/* End PBXContainerItemProxy section */

/* Begin PBXFileReference section */
		005D0987EC182BE46A3B8582 /* MobilePhotosPickerServing.swift */ = {isa = PBXFileReference; lastKnownFileType = sourcecode.swift; path = MobilePhotosPickerServing.swift; sourceTree = "<group>"; };
		047A23643F3DCE4145E60D10 /* MobileQuickLookPreview.swift */ = {isa = PBXFileReference; lastKnownFileType = sourcecode.swift; path = MobileQuickLookPreview.swift; sourceTree = "<group>"; };
		04A46753F409CE7A5C2965A5 /* MobileChatModelTests.swift */ = {isa = PBXFileReference; lastKnownFileType = sourcecode.swift; path = MobileChatModelTests.swift; sourceTree = "<group>"; };
		0514C75FC831D60F61393D80 /* MobileFileLocationsPresentationTests.swift */ = {isa = PBXFileReference; lastKnownFileType = sourcecode.swift; path = MobileFileLocationsPresentationTests.swift; sourceTree = "<group>"; };
		066ED82E47A801F00E15074B /* MobilePhotoViewerModelTests.swift */ = {isa = PBXFileReference; lastKnownFileType = sourcecode.swift; path = MobilePhotoViewerModelTests.swift; sourceTree = "<group>"; };
		0760F4537FDCC7A83621B9C7 /* MobileSettingsState.swift */ = {isa = PBXFileReference; lastKnownFileType = sourcecode.swift; path = MobileSettingsState.swift; sourceTree = "<group>"; };
		087660D994A5EA1E29F0E00D /* MobilePhotoCell.swift */ = {isa = PBXFileReference; lastKnownFileType = sourcecode.swift; path = MobilePhotoCell.swift; sourceTree = "<group>"; };
		097C67D88F0CB60D14D53AFB /* MobileChatAttachmentView.swift */ = {isa = PBXFileReference; lastKnownFileType = sourcecode.swift; path = MobileChatAttachmentView.swift; sourceTree = "<group>"; };
		0BA77BCD1CACBAB1760DE09D /* MobileFilePreviewState.swift */ = {isa = PBXFileReference; lastKnownFileType = sourcecode.swift; path = MobileFilePreviewState.swift; sourceTree = "<group>"; };
		10233385CFE9A466085BA027 /* MobileFileBrowserModelTests.swift */ = {isa = PBXFileReference; lastKnownFileType = sourcecode.swift; path = MobileFileBrowserModelTests.swift; sourceTree = "<group>"; };
		10D7D9F4CBF78029C56975CA /* MobileChatAttachmentSelection.swift */ = {isa = PBXFileReference; lastKnownFileType = sourcecode.swift; path = MobileChatAttachmentSelection.swift; sourceTree = "<group>"; };
		12DDC9EC9426E8529DC945F9 /* MobileContainerInventoryState.swift */ = {isa = PBXFileReference; lastKnownFileType = sourcecode.swift; path = MobileContainerInventoryState.swift; sourceTree = "<group>"; };
		1580A58CC5112D0E8A6586B8 /* MobileVirtualMachinesView.swift */ = {isa = PBXFileReference; lastKnownFileType = sourcecode.swift; path = MobileVirtualMachinesView.swift; sourceTree = "<group>"; };
		1665A641459B94502F9DAD67 /* MobileDownloadBTSearchView.swift */ = {isa = PBXFileReference; lastKnownFileType = sourcecode.swift; path = MobileDownloadBTSearchView.swift; sourceTree = "<group>"; };
		177BA89A182A56567AC506D3 /* MobileContainerInventoryModelTests.swift */ = {isa = PBXFileReference; lastKnownFileType = sourcecode.swift; path = MobileContainerInventoryModelTests.swift; sourceTree = "<group>"; };
		17EF4D1E2C494CB4418919DE /* MobileFilePreviewView.swift */ = {isa = PBXFileReference; lastKnownFileType = sourcecode.swift; path = MobileFilePreviewView.swift; sourceTree = "<group>"; };
		187332876EEF669EF1627CC9 /* MobileTransferServing.swift */ = {isa = PBXFileReference; lastKnownFileType = sourcecode.swift; path = MobileTransferServing.swift; sourceTree = "<group>"; };
		18AB6262ECEDDEA15D3DD57F /* MobileClipboard.swift */ = {isa = PBXFileReference; lastKnownFileType = sourcecode.swift; path = MobileClipboard.swift; sourceTree = "<group>"; };
		1A274539D5C1D7977FF5483D /* MobileFileRecycleActionState.swift */ = {isa = PBXFileReference; lastKnownFileType = sourcecode.swift; path = MobileFileRecycleActionState.swift; sourceTree = "<group>"; };
		1AB67ABFFBD0FCCEFE0C2BBA /* MobileFileDetailsView.swift */ = {isa = PBXFileReference; lastKnownFileType = sourcecode.swift; path = MobileFileDetailsView.swift; sourceTree = "<group>"; };
		1C1465865FA0F0DD22BD75F5 /* MobileChatState.swift */ = {isa = PBXFileReference; lastKnownFileType = sourcecode.swift; path = MobileChatState.swift; sourceTree = "<group>"; };
		2020DED0E172C5755E138C60 /* MobileActivityPresentationTests.swift */ = {isa = PBXFileReference; lastKnownFileType = sourcecode.swift; path = MobileActivityPresentationTests.swift; sourceTree = "<group>"; };
		220597A147A46D028B76DCBF /* MobileAppModel+Session.swift */ = {isa = PBXFileReference; lastKnownFileType = sourcecode.swift; path = "MobileAppModel+Session.swift"; sourceTree = "<group>"; };
		245A9E8184A8B60E2305C61D /* MobileFileCopyMoveModel.swift */ = {isa = PBXFileReference; lastKnownFileType = sourcecode.swift; path = MobileFileCopyMoveModel.swift; sourceTree = "<group>"; };
		26A13816218A0CD8E70D1ED5 /* MobilePhotoViewerModel.swift */ = {isa = PBXFileReference; lastKnownFileType = sourcecode.swift; path = MobilePhotoViewerModel.swift; sourceTree = "<group>"; };
		26F9C7DF082FB1D97D86412D /* MobileAppModel+Administration.swift */ = {isa = PBXFileReference; lastKnownFileType = sourcecode.swift; path = "MobileAppModel+Administration.swift"; sourceTree = "<group>"; };
		27D53A798CAB0718E50F78B8 /* zh-Hans */ = {isa = PBXFileReference; lastKnownFileType = text.plist.strings; name = "zh-Hans"; path = "zh-Hans.lproj/Localizable.strings"; sourceTree = "<group>"; };
		2A919AA45E98DCDB92207412 /* MobileFileBrowser.swift */ = {isa = PBXFileReference; lastKnownFileType = sourcecode.swift; path = MobileFileBrowser.swift; sourceTree = "<group>"; };
		2CE444F597D515DF65947F6B /* MobileFilePreviewPresentationTests.swift */ = {isa = PBXFileReference; lastKnownFileType = sourcecode.swift; path = MobileFilePreviewPresentationTests.swift; sourceTree = "<group>"; };
		2D941EADC998C957073E76F8 /* MobileSecureRangeReader.swift */ = {isa = PBXFileReference; lastKnownFileType = sourcecode.swift; path = MobileSecureRangeReader.swift; sourceTree = "<group>"; };
		2EC7084D6815E02965F44E87 /* MobileContentStateTests.swift */ = {isa = PBXFileReference; lastKnownFileType = sourcecode.swift; path = MobileContentStateTests.swift; sourceTree = "<group>"; };
		30D5E6AF957EFD1DAD63360F /* MobileDownloadsSafetyTests.swift */ = {isa = PBXFileReference; lastKnownFileType = sourcecode.swift; path = MobileDownloadsSafetyTests.swift; sourceTree = "<group>"; };
		32A8D68C710C4F9900373B35 /* MobileFileCopyMoveModelTests.swift */ = {isa = PBXFileReference; lastKnownFileType = sourcecode.swift; path = MobileFileCopyMoveModelTests.swift; sourceTree = "<group>"; };
		3322215F3281971D0BF26C51 /* MobileVirtualMachinePresentationTests.swift */ = {isa = PBXFileReference; lastKnownFileType = sourcecode.swift; path = MobileVirtualMachinePresentationTests.swift; sourceTree = "<group>"; };
		357810527D8B82717F681250 /* MobileDocumentExporter.swift */ = {isa = PBXFileReference; lastKnownFileType = sourcecode.swift; path = MobileDocumentExporter.swift; sourceTree = "<group>"; };
		3605D9C078C072DC4969593E /* MobileMutationFeedbackView.swift */ = {isa = PBXFileReference; lastKnownFileType = sourcecode.swift; path = MobileMutationFeedbackView.swift; sourceTree = "<group>"; };
		3BA1C0196B4D1AA01DFDEC62 /* MobileDownloadsView.swift */ = {isa = PBXFileReference; lastKnownFileType = sourcecode.swift; path = MobileDownloadsView.swift; sourceTree = "<group>"; };
		3E9635AC9995D62F1F698785 /* MobilePhotoTimelineState.swift */ = {isa = PBXFileReference; lastKnownFileType = sourcecode.swift; path = MobilePhotoTimelineState.swift; sourceTree = "<group>"; };
		47FEE7AEDA7E118C66AF9696 /* MobileFileRecycleActionPresentationTests.swift */ = {isa = PBXFileReference; lastKnownFileType = sourcecode.swift; path = MobileFileRecycleActionPresentationTests.swift; sourceTree = "<group>"; };
		4DD69A0DF2CC3B89B136C95F /* DsmMobile.app */ = {isa = PBXFileReference; includeInIndex = 0; lastKnownFileType = wrapper.application; path = DsmMobile.app; sourceTree = BUILT_PRODUCTS_DIR; };
		51E41D340C755304460A6091 /* MobileTransferCoordinator.swift */ = {isa = PBXFileReference; lastKnownFileType = sourcecode.swift; path = MobileTransferCoordinator.swift; sourceTree = "<group>"; };
		538B7C63824F35DFB08E16D1 /* MobileNasHealthPresentationTests.swift */ = {isa = PBXFileReference; lastKnownFileType = sourcecode.swift; path = MobileNasHealthPresentationTests.swift; sourceTree = "<group>"; };
		53D590E883373E65304C9AB2 /* MobileFileItemMutationState.swift */ = {isa = PBXFileReference; lastKnownFileType = sourcecode.swift; path = MobileFileItemMutationState.swift; sourceTree = "<group>"; };
		55989B2239A86F23EE21D2AB /* MobileContainerInventoryModel.swift */ = {isa = PBXFileReference; lastKnownFileType = sourcecode.swift; path = MobileContainerInventoryModel.swift; sourceTree = "<group>"; };
		563278D949C1A32C01CCE48E /* MobileFileBrowserState.swift */ = {isa = PBXFileReference; lastKnownFileType = sourcecode.swift; path = MobileFileBrowserState.swift; sourceTree = "<group>"; };
		5B0C6D7E3892F3433F57E770 /* MobileFileRecycleActionModelTests.swift */ = {isa = PBXFileReference; lastKnownFileType = sourcecode.swift; path = MobileFileRecycleActionModelTests.swift; sourceTree = "<group>"; };
		5BB2C0188998FDF89AD9FC01 /* MobileReadOnlyContainerRepository.swift */ = {isa = PBXFileReference; lastKnownFileType = sourcecode.swift; path = MobileReadOnlyContainerRepository.swift; sourceTree = "<group>"; };
		5BC1B6B4789B92DEF6975228 /* MobileNasDetailsModel.swift */ = {isa = PBXFileReference; lastKnownFileType = sourcecode.swift; path = MobileNasDetailsModel.swift; sourceTree = "<group>"; };
		60249569946CF43222058C6F /* MobileVirtualMachineInventoryModel.swift */ = {isa = PBXFileReference; lastKnownFileType = sourcecode.swift; path = MobileVirtualMachineInventoryModel.swift; sourceTree = "<group>"; };
		614D02CCBAEC3B6CF1A0A458 /* MobilePhotoViewerView.swift */ = {isa = PBXFileReference; lastKnownFileType = sourcecode.swift; path = MobilePhotoViewerView.swift; sourceTree = "<group>"; };
		61BD8119CED9AD173638CF50 /* MobileSecureStoreDefaultsTests.swift */ = {isa = PBXFileReference; lastKnownFileType = sourcecode.swift; path = MobileSecureStoreDefaultsTests.swift; sourceTree = "<group>"; };
		66583AC042046A17C5D717BE /* MobileChatConversationPinStore.swift */ = {isa = PBXFileReference; lastKnownFileType = sourcecode.swift; path = MobileChatConversationPinStore.swift; sourceTree = "<group>"; };
		695E56167B0E793BE9796CCD /* MobileChatAttachmentTests.swift */ = {isa = PBXFileReference; lastKnownFileType = sourcecode.swift; path = MobileChatAttachmentTests.swift; sourceTree = "<group>"; };
		69EFD1C58B40E4BD5E3687CD /* MobilePhotoGrid.swift */ = {isa = PBXFileReference; lastKnownFileType = sourcecode.swift; path = MobilePhotoGrid.swift; sourceTree = "<group>"; };
		6B9182C3B7EB67E2377835EC /* MobileFileLocationsState.swift */ = {isa = PBXFileReference; lastKnownFileType = sourcecode.swift; path = MobileFileLocationsState.swift; sourceTree = "<group>"; };
		6DBD4CD0B29A929CC6FDD2D4 /* CertificateReviewState.swift */ = {isa = PBXFileReference; lastKnownFileType = sourcecode.swift; path = CertificateReviewState.swift; sourceTree = "<group>"; };
		6DE776F2D37AACF49BE2BBEA /* MobileChatView.swift */ = {isa = PBXFileReference; lastKnownFileType = sourcecode.swift; path = MobileChatView.swift; sourceTree = "<group>"; };
		6E60E499EC5EA8C45209777C /* zh-Hans */ = {isa = PBXFileReference; lastKnownFileType = text.plist.strings; name = "zh-Hans"; path = "zh-Hans.lproj/InfoPlist.strings"; sourceTree = "<group>"; };
		6F84FD2D182696A03E63509A /* MobileTransferStateTests.swift */ = {isa = PBXFileReference; lastKnownFileType = sourcecode.swift; path = MobileTransferStateTests.swift; sourceTree = "<group>"; };
		6FBEDA87DD38606AF73B3D3E /* MobileFileBrowserPresentationTests.swift */ = {isa = PBXFileReference; lastKnownFileType = sourcecode.swift; path = MobileFileBrowserPresentationTests.swift; sourceTree = "<group>"; };
		70A12B8787A2A01F887067C8 /* MobileFilePreviewModelTests.swift */ = {isa = PBXFileReference; lastKnownFileType = sourcecode.swift; path = MobileFilePreviewModelTests.swift; sourceTree = "<group>"; };
		721E8F0FBB4B601BEF88A98B /* MobilePhotoImportView.swift */ = {isa = PBXFileReference; lastKnownFileType = sourcecode.swift; path = MobilePhotoImportView.swift; sourceTree = "<group>"; };
		7383F444C9E41E1B664CFFEC /* MobileFileLocationsModelTests.swift */ = {isa = PBXFileReference; lastKnownFileType = sourcecode.swift; path = MobileFileLocationsModelTests.swift; sourceTree = "<group>"; };
		748AEBE10DD2AE1F285EA14E /* MobileNasHealthModelTests.swift */ = {isa = PBXFileReference; lastKnownFileType = sourcecode.swift; path = MobileNasHealthModelTests.swift; sourceTree = "<group>"; };
		76C9243C7D248345AE585834 /* MobileContainerPresentationTests.swift */ = {isa = PBXFileReference; lastKnownFileType = sourcecode.swift; path = MobileContainerPresentationTests.swift; sourceTree = "<group>"; };
		7B11C7FC8161331CA90ECF34 /* MobileSessionShellTests.swift */ = {isa = PBXFileReference; lastKnownFileType = sourcecode.swift; path = MobileSessionShellTests.swift; sourceTree = "<group>"; };
		7D2CB42CEC5AE1F10B5FE43F /* MobileFileLocationsView.swift */ = {isa = PBXFileReference; lastKnownFileType = sourcecode.swift; path = MobileFileLocationsView.swift; sourceTree = "<group>"; };
		7F0EC939E446CFFBC7E3EEBE /* MobileFileActivityModelTests.swift */ = {isa = PBXFileReference; lastKnownFileType = sourcecode.swift; path = MobileFileActivityModelTests.swift; sourceTree = "<group>"; };
		80C124FF6289432799159A4D /* MobilePhotoThumbnailStore.swift */ = {isa = PBXFileReference; lastKnownFileType = sourcecode.swift; path = MobilePhotoThumbnailStore.swift; sourceTree = "<group>"; };
		82AF03B16F3BDC0B180772DB /* MobileChatPresentationTests.swift */ = {isa = PBXFileReference; lastKnownFileType = sourcecode.swift; path = MobileChatPresentationTests.swift; sourceTree = "<group>"; };
		83D72DC71018D24D7643BEC7 /* MobileReadOnlyVirtualMachineRepository.swift */ = {isa = PBXFileReference; lastKnownFileType = sourcecode.swift; path = MobileReadOnlyVirtualMachineRepository.swift; sourceTree = "<group>"; };
		888350244564C82E3E6CBAFF /* MobileFileActivityModel.swift */ = {isa = PBXFileReference; lastKnownFileType = sourcecode.swift; path = MobileFileActivityModel.swift; sourceTree = "<group>"; };
		8AA7A3514665A3FFE403D4A6 /* MobileLoginView.swift */ = {isa = PBXFileReference; lastKnownFileType = sourcecode.swift; path = MobileLoginView.swift; sourceTree = "<group>"; };
		8ADFCF13C9EBB8AE3F67648B /* MobileFileItemMutationView.swift */ = {isa = PBXFileReference; lastKnownFileType = sourcecode.swift; path = MobileFileItemMutationView.swift; sourceTree = "<group>"; };
		8B8327A63A22514714F883D1 /* MobileChatModel.swift */ = {isa = PBXFileReference; lastKnownFileType = sourcecode.swift; path = MobileChatModel.swift; sourceTree = "<group>"; };
		8C1E44F325595EDC7115343E /* MobileFileItemMutationPresentationTests.swift */ = {isa = PBXFileReference; lastKnownFileType = sourcecode.swift; path = MobileFileItemMutationPresentationTests.swift; sourceTree = "<group>"; };
		8C92A2E2CCE19C2C1C47E97B /* MobileSettingsView.swift */ = {isa = PBXFileReference; lastKnownFileType = sourcecode.swift; path = MobileSettingsView.swift; sourceTree = "<group>"; };
		8F77F7EA2BA0380BFBDC4A16 /* MobileDocumentTransferController.swift */ = {isa = PBXFileReference; lastKnownFileType = sourcecode.swift; path = MobileDocumentTransferController.swift; sourceTree = "<group>"; };
		91E1F3794BFF1E341F2E968C /* MobilePhotoLibraryModelTests.swift */ = {isa = PBXFileReference; lastKnownFileType = sourcecode.swift; path = MobilePhotoLibraryModelTests.swift; sourceTree = "<group>"; };
		9220E5EB8824241A678CA909 /* MobileFileShareLinkModel.swift */ = {isa = PBXFileReference; lastKnownFileType = sourcecode.swift; path = MobileFileShareLinkModel.swift; sourceTree = "<group>"; };
		92395C126B031A5B6E4FA23A /* MobileAppModel.swift */ = {isa = PBXFileReference; lastKnownFileType = sourcecode.swift; path = MobileAppModel.swift; sourceTree = "<group>"; };
		946E6D183FAF88185667FC50 /* MobileChatConversationCreator.swift */ = {isa = PBXFileReference; lastKnownFileType = sourcecode.swift; path = MobileChatConversationCreator.swift; sourceTree = "<group>"; };
		98237495B4637F541E44532B /* MobileFileLocationsModel.swift */ = {isa = PBXFileReference; lastKnownFileType = sourcecode.swift; path = MobileFileLocationsModel.swift; sourceTree = "<group>"; };
		98D3E68F93FA5FABDE0D1C2B /* MobilePhotoTimelineModel.swift */ = {isa = PBXFileReference; lastKnownFileType = sourcecode.swift; path = MobilePhotoTimelineModel.swift; sourceTree = "<group>"; };
		9AD2F0694B89D90D83E45AF5 /* MobileFileShareLinkView.swift */ = {isa = PBXFileReference; lastKnownFileType = sourcecode.swift; path = MobileFileShareLinkView.swift; sourceTree = "<group>"; };
		9B2950BE2B1676E080A80F7F /* MobileFilePreviewModel.swift */ = {isa = PBXFileReference; lastKnownFileType = sourcecode.swift; path = MobileFilePreviewModel.swift; sourceTree = "<group>"; };
		9B72BECFCCB7C3A6A4079137 /* MobileFilePreviewIntegrationTests.swift */ = {isa = PBXFileReference; lastKnownFileType = sourcecode.swift; path = MobileFilePreviewIntegrationTests.swift; sourceTree = "<group>"; };
		9C2FA017ECE34AD4EC38C193 /* MobileAppModel+Workspace.swift */ = {isa = PBXFileReference; lastKnownFileType = sourcecode.swift; path = "MobileAppModel+Workspace.swift"; sourceTree = "<group>"; };
		A02E9A94EB5A4C38A3CFAE7B /* MobileFileShareLinkModelTests.swift */ = {isa = PBXFileReference; lastKnownFileType = sourcecode.swift; path = MobileFileShareLinkModelTests.swift; sourceTree = "<group>"; };
		A0C4213FAEC799690834446E /* MobilePhotosPresentationTests.swift */ = {isa = PBXFileReference; lastKnownFileType = sourcecode.swift; path = MobilePhotosPresentationTests.swift; sourceTree = "<group>"; };
		A28A3A851A297BE9BA335B0D /* MobilePhotoImportState.swift */ = {isa = PBXFileReference; lastKnownFileType = sourcecode.swift; path = MobilePhotoImportState.swift; sourceTree = "<group>"; };
		A6814C944FA1EC32536CDF09 /* MobileMutationCoordinatorTests.swift */ = {isa = PBXFileReference; lastKnownFileType = sourcecode.swift; path = MobileMutationCoordinatorTests.swift; sourceTree = "<group>"; };
		A6F3DA68D98267B5586563C3 /* MobileActivityModels.swift */ = {isa = PBXFileReference; lastKnownFileType = sourcecode.swift; path = MobileActivityModels.swift; sourceTree = "<group>"; };
		A8A8FF3BE72F5AC241183604 /* MobileFileItemMutationModel.swift */ = {isa = PBXFileReference; lastKnownFileType = sourcecode.swift; path = MobileFileItemMutationModel.swift; sourceTree = "<group>"; };
		A8D3F4F039BA27472F90B325 /* MobileAppModel+Files.swift */ = {isa = PBXFileReference; lastKnownFileType = sourcecode.swift; path = "MobileAppModel+Files.swift"; sourceTree = "<group>"; };
		AA9CAE141B687329ABF62ACB /* MobilePhotoImportModelTests.swift */ = {isa = PBXFileReference; lastKnownFileType = sourcecode.swift; path = MobilePhotoImportModelTests.swift; sourceTree = "<group>"; };
		AAB5A254B4581F16586FE9F3 /* MobileFileItemMutationModelTests.swift */ = {isa = PBXFileReference; lastKnownFileType = sourcecode.swift; path = MobileFileItemMutationModelTests.swift; sourceTree = "<group>"; };
		ABE01EDB2ED539DA91328286 /* MobileFileRecycleActionModel.swift */ = {isa = PBXFileReference; lastKnownFileType = sourcecode.swift; path = MobileFileRecycleActionModel.swift; sourceTree = "<group>"; };
		ADD99FE2491D9DADDD49245F /* MobileWorkspaceView.swift */ = {isa = PBXFileReference; lastKnownFileType = sourcecode.swift; path = MobileWorkspaceView.swift; sourceTree = "<group>"; };
		AF5351AB40A12EAE972DD4A8 /* MobileNasHealthModel.swift */ = {isa = PBXFileReference; lastKnownFileType = sourcecode.swift; path = MobileNasHealthModel.swift; sourceTree = "<group>"; };
		B12D5578616F6ACC02EE781C /* MobilePhotoTimelineModelTests.swift */ = {isa = PBXFileReference; lastKnownFileType = sourcecode.swift; path = MobilePhotoTimelineModelTests.swift; sourceTree = "<group>"; };
		B30FFF0D525CCE3EAE959397 /* MobilePhotoViewerState.swift */ = {isa = PBXFileReference; lastKnownFileType = sourcecode.swift; path = MobilePhotoViewerState.swift; sourceTree = "<group>"; };
		B632F6952A251C8ACB5032CF /* MobileFileCopyMoveState.swift */ = {isa = PBXFileReference; lastKnownFileType = sourcecode.swift; path = MobileFileCopyMoveState.swift; sourceTree = "<group>"; };
		B8482E65435CAE758544DF70 /* MobileSettingsTests.swift */ = {isa = PBXFileReference; lastKnownFileType = sourcecode.swift; path = MobileSettingsTests.swift; sourceTree = "<group>"; };
		B9751A989A09B1D121D8CD68 /* MobileReadOnlyChatRepository.swift */ = {isa = PBXFileReference; lastKnownFileType = sourcecode.swift; path = MobileReadOnlyChatRepository.swift; sourceTree = "<group>"; };
		BA4355F071E7D057D4D861A2 /* MobileVirtualMachineInventoryState.swift */ = {isa = PBXFileReference; lastKnownFileType = sourcecode.swift; path = MobileVirtualMachineInventoryState.swift; sourceTree = "<group>"; };
		BB5CF9C9C1745A9CEECB03A6 /* AppDestination.swift */ = {isa = PBXFileReference; lastKnownFileType = sourcecode.swift; path = AppDestination.swift; sourceTree = "<group>"; };
		BC387C853D1B6489742ED826 /* MobileReadOnlyNasHealthRepository.swift */ = {isa = PBXFileReference; lastKnownFileType = sourcecode.swift; path = MobileReadOnlyNasHealthRepository.swift; sourceTree = "<group>"; };
		C0C941E338B615CF4156D6DF /* AppIcon.png */ = {isa = PBXFileReference; lastKnownFileType = image.png; path = AppIcon.png; sourceTree = "<group>"; };
		C3023B003490EA8546A37D58 /* MobileCertificateReviewTests.swift */ = {isa = PBXFileReference; lastKnownFileType = sourcecode.swift; path = MobileCertificateReviewTests.swift; sourceTree = "<group>"; };
		C4724BE81BEF1AF43DBAA783 /* DsmMobileTests.xctest */ = {isa = PBXFileReference; includeInIndex = 0; lastKnownFileType = wrapper.cfbundle; path = DsmMobileTests.xctest; sourceTree = BUILT_PRODUCTS_DIR; };
		C50CF206BC2C562330B40FE6 /* MobileActivityView.swift */ = {isa = PBXFileReference; lastKnownFileType = sourcecode.swift; path = MobileActivityView.swift; sourceTree = "<group>"; };
		C7B24736F93A76A35A8BFAE3 /* MobileFileCopyMoveView.swift */ = {isa = PBXFileReference; lastKnownFileType = sourcecode.swift; path = MobileFileCopyMoveView.swift; sourceTree = "<group>"; };
		C7E3C64B837651EFE7D18295 /* Assets.xcassets */ = {isa = PBXFileReference; lastKnownFileType = folder.assetcatalog; path = Assets.xcassets; sourceTree = "<group>"; };
		CA92F3241E2F6936AED99DAB /* MobileContainersView.swift */ = {isa = PBXFileReference; lastKnownFileType = sourcecode.swift; path = MobileContainersView.swift; sourceTree = "<group>"; };
		CBA7A2040AE214D55509151C /* MobileSettingsStore.swift */ = {isa = PBXFileReference; lastKnownFileType = sourcecode.swift; path = MobileSettingsStore.swift; sourceTree = "<group>"; };
		CD79516204D8F6367D61EC89 /* MobileFileShareLinkIntegrationTests.swift */ = {isa = PBXFileReference; lastKnownFileType = sourcecode.swift; path = MobileFileShareLinkIntegrationTests.swift; sourceTree = "<group>"; };
		CE10A6BED72EC4EC9E953AC0 /* MobileRootView.swift */ = {isa = PBXFileReference; lastKnownFileType = sourcecode.swift; path = MobileRootView.swift; sourceTree = "<group>"; };
		CEF417416E4213239AC754CA /* MobileFileShareLinkState.swift */ = {isa = PBXFileReference; lastKnownFileType = sourcecode.swift; path = MobileFileShareLinkState.swift; sourceTree = "<group>"; };
		D0BCF06F0AE22FBEC1CA25B6 /* MobilePhotoImportModel.swift */ = {isa = PBXFileReference; lastKnownFileType = sourcecode.swift; path = MobilePhotoImportModel.swift; sourceTree = "<group>"; };
		D2DFBF8FAB13E7C1529A7223 /* MobileReadOnlyNasDetailsRepository.swift */ = {isa = PBXFileReference; lastKnownFileType = sourcecode.swift; path = MobileReadOnlyNasDetailsRepository.swift; sourceTree = "<group>"; };
		D3DA32210EE689A1BCF38C8F /* MobileShareSheet.swift */ = {isa = PBXFileReference; lastKnownFileType = sourcecode.swift; path = MobileShareSheet.swift; sourceTree = "<group>"; };
		D57A1FBEB7F7DF54CB68F6D3 /* MobilePhotoViewerPresentationTests.swift */ = {isa = PBXFileReference; lastKnownFileType = sourcecode.swift; path = MobilePhotoViewerPresentationTests.swift; sourceTree = "<group>"; };
		D59BDC2D30FFD77B42553B33 /* MobileNasDetailsView.swift */ = {isa = PBXFileReference; lastKnownFileType = sourcecode.swift; path = MobileNasDetailsView.swift; sourceTree = "<group>"; };
		D6474ABBF2C626D021872745 /* en */ = {isa = PBXFileReference; lastKnownFileType = text.plist.strings; name = en; path = en.lproj/Localizable.strings; sourceTree = "<group>"; };
		D661A354942BFCFE8EEC9CFD /* MobileMutationCoordinator.swift */ = {isa = PBXFileReference; lastKnownFileType = sourcecode.swift; path = MobileMutationCoordinator.swift; sourceTree = "<group>"; };
		D8DC8F59A9D7E0D860427DD2 /* MobileChatRemoteAttachmentActions.swift */ = {isa = PBXFileReference; lastKnownFileType = sourcecode.swift; path = MobileChatRemoteAttachmentActions.swift; sourceTree = "<group>"; };
		D99C0DDF69CB7426FBCC8969 /* MobileChatAttachmentModel.swift */ = {isa = PBXFileReference; lastKnownFileType = sourcecode.swift; path = MobileChatAttachmentModel.swift; sourceTree = "<group>"; };
		D9C97073F4E6A76342F1FD1E /* MobilePhotoImportPresentationTests.swift */ = {isa = PBXFileReference; lastKnownFileType = sourcecode.swift; path = MobilePhotoImportPresentationTests.swift; sourceTree = "<group>"; };
		DB54833C3A49B141211BC5C7 /* MobileFileShareLinkPresentationTests.swift */ = {isa = PBXFileReference; lastKnownFileType = sourcecode.swift; path = MobileFileShareLinkPresentationTests.swift; sourceTree = "<group>"; };
		DD14EC2D6F24EAEE73685EBD /* MobileVirtualMachineInventoryModelTests.swift */ = {isa = PBXFileReference; lastKnownFileType = sourcecode.swift; path = MobileVirtualMachineInventoryModelTests.swift; sourceTree = "<group>"; };
		DDAD864CCC670535E48D032D /* MobilePhotoLibraryState.swift */ = {isa = PBXFileReference; lastKnownFileType = sourcecode.swift; path = MobilePhotoLibraryState.swift; sourceTree = "<group>"; };
		E15C27EF86330C93C5B8B459 /* MobileDocumentTransferTests.swift */ = {isa = PBXFileReference; lastKnownFileType = sourcecode.swift; path = MobileDocumentTransferTests.swift; sourceTree = "<group>"; };
		E5A92BB36D80B20C0388F7C6 /* MobileDesignTokens.swift */ = {isa = PBXFileReference; lastKnownFileType = sourcecode.swift; path = MobileDesignTokens.swift; sourceTree = "<group>"; };
		E5D7E7DF2CF1AED1F506B0C4 /* MobileFileCopyMovePresentationTests.swift */ = {isa = PBXFileReference; lastKnownFileType = sourcecode.swift; path = MobileFileCopyMovePresentationTests.swift; sourceTree = "<group>"; };
		E7ED010D418522311FB502AA /* MobilePhotosView.swift */ = {isa = PBXFileReference; lastKnownFileType = sourcecode.swift; path = MobilePhotosView.swift; sourceTree = "<group>"; };
		E919EE7D617AD9A7D12C5EA3 /* en */ = {isa = PBXFileReference; lastKnownFileType = text.plist.strings; name = en; path = en.lproj/InfoPlist.strings; sourceTree = "<group>"; };
		EA1C058948EC3E3E2B7EE6E3 /* MobilePhotoTimelinePresentationTests.swift */ = {isa = PBXFileReference; lastKnownFileType = sourcecode.swift; path = MobilePhotoTimelinePresentationTests.swift; sourceTree = "<group>"; };
		EA33F792D50C901DD265A1E2 /* MobilePhotoLibraryModel.swift */ = {isa = PBXFileReference; lastKnownFileType = sourcecode.swift; path = MobilePhotoLibraryModel.swift; sourceTree = "<group>"; };
		ED078A6D81DD1ECA45E75D11 /* MobileFileBrowserModel.swift */ = {isa = PBXFileReference; lastKnownFileType = sourcecode.swift; path = MobileFileBrowserModel.swift; sourceTree = "<group>"; };
		ED7845C53CCF98E74E1F8119 /* MobileAppModel+Downloads.swift */ = {isa = PBXFileReference; lastKnownFileType = sourcecode.swift; path = "MobileAppModel+Downloads.swift"; sourceTree = "<group>"; };
		EE274AAC7E0CBED97B002C59 /* MobileNasHealthState.swift */ = {isa = PBXFileReference; lastKnownFileType = sourcecode.swift; path = MobileNasHealthState.swift; sourceTree = "<group>"; };
		F13179FE2BF0AAE3F3AC76FF /* MobileModuleTests.swift */ = {isa = PBXFileReference; lastKnownFileType = sourcecode.swift; path = MobileModuleTests.swift; sourceTree = "<group>"; };
		F49A6A40E7D7A7B79C5A0A4D /* MobileCommonViews.swift */ = {isa = PBXFileReference; lastKnownFileType = sourcecode.swift; path = MobileCommonViews.swift; sourceTree = "<group>"; };
		F6B036892E44B6793F28E6BE /* apple */ = {isa = PBXFileReference; lastKnownFileType = folder; name = apple; path = ../..; sourceTree = SOURCE_ROOT; };
		F747DE9CEF5793AC7CD7B877 /* MobileNasDetailsModelTests.swift */ = {isa = PBXFileReference; lastKnownFileType = sourcecode.swift; path = MobileNasDetailsModelTests.swift; sourceTree = "<group>"; };
		F7DE5B4766BC98D570470502 /* MobileNasDetailsState.swift */ = {isa = PBXFileReference; lastKnownFileType = sourcecode.swift; path = MobileNasDetailsState.swift; sourceTree = "<group>"; };
		F98360F050406F1BD9076A89 /* DsmMobileApp.swift */ = {isa = PBXFileReference; lastKnownFileType = sourcecode.swift; path = DsmMobileApp.swift; sourceTree = "<group>"; };
		F9AD25190A561C9AB18A6B09 /* KeychainSessionStore.swift */ = {isa = PBXFileReference; lastKnownFileType = sourcecode.swift; path = KeychainSessionStore.swift; sourceTree = "<group>"; };
		F9E34CE25C33B2C9D297AFD7 /* MobileMediaPlayer.swift */ = {isa = PBXFileReference; lastKnownFileType = sourcecode.swift; path = MobileMediaPlayer.swift; sourceTree = "<group>"; };
		FC722A35DBD74157E9C33B85 /* MobilePhotoTimelineView.swift */ = {isa = PBXFileReference; lastKnownFileType = sourcecode.swift; path = MobilePhotoTimelineView.swift; sourceTree = "<group>"; };
		FCC97D6A4CF383292773C52E /* MobilePageStateView.swift */ = {isa = PBXFileReference; lastKnownFileType = sourcecode.swift; path = MobilePageStateView.swift; sourceTree = "<group>"; };
		FE68C11460DF3803FF35B9EE /* MobilePageState.swift */ = {isa = PBXFileReference; lastKnownFileType = sourcecode.swift; path = MobilePageState.swift; sourceTree = "<group>"; };
		FEB950076B1973FBC51978ED /* MobileNasSettingsView.swift */ = {isa = PBXFileReference; lastKnownFileType = sourcecode.swift; path = MobileNasSettingsView.swift; sourceTree = "<group>"; };
		FF474193EBD9FA1F91348FFD /* MobileFileRecycleActionView.swift */ = {isa = PBXFileReference; lastKnownFileType = sourcecode.swift; path = MobileFileRecycleActionView.swift; sourceTree = "<group>"; };
/* End PBXFileReference section */

/* Begin PBXFrameworksBuildPhase section */
		1E688204B7F0CF9A5B188868 /* Frameworks */ = {
			isa = PBXFrameworksBuildPhase;
			buildActionMask = 2147483647;
			files = (
				05FC52A091594BF9F8E96B62 /* DsmLocalization in Frameworks */,
				70E932303769E6811F205B52 /* DsmCore in Frameworks */,
				5204B26460967C98388305C6 /* DsmNetwork in Frameworks */,
			);
			runOnlyForDeploymentPostprocessing = 0;
		};
/* End PBXFrameworksBuildPhase section */

/* Begin PBXGroup section */
		09C830E3ED70F9954F6982A4 /* Administration */ = {
			isa = PBXGroup;
			children = (
				26F9C7DF082FB1D97D86412D /* MobileAppModel+Administration.swift */,
				5BC1B6B4789B92DEF6975228 /* MobileNasDetailsModel.swift */,
				F7DE5B4766BC98D570470502 /* MobileNasDetailsState.swift */,
				D59BDC2D30FFD77B42553B33 /* MobileNasDetailsView.swift */,
				AF5351AB40A12EAE972DD4A8 /* MobileNasHealthModel.swift */,
				EE274AAC7E0CBED97B002C59 /* MobileNasHealthState.swift */,
				FEB950076B1973FBC51978ED /* MobileNasSettingsView.swift */,
				D2DFBF8FAB13E7C1529A7223 /* MobileReadOnlyNasDetailsRepository.swift */,
				BC387C853D1B6489742ED826 /* MobileReadOnlyNasHealthRepository.swift */,
			);
			path = Administration;
			sourceTree = "<group>";
		};
		0B5AFB9F810D6577D48CC0DC /* Activity */ = {
			isa = PBXGroup;
			children = (
				A6F3DA68D98267B5586563C3 /* MobileActivityModels.swift */,
				C50CF206BC2C562330B40FE6 /* MobileActivityView.swift */,
				888350244564C82E3E6CBAFF /* MobileFileActivityModel.swift */,
				51E41D340C755304460A6091 /* MobileTransferCoordinator.swift */,
				187332876EEF669EF1627CC9 /* MobileTransferServing.swift */,
			);
			path = Activity;
			sourceTree = "<group>";
		};
		20822543FB8329DF4437E9AA /* AppShell */ = {
			isa = PBXGroup;
			children = (
				BB5CF9C9C1745A9CEECB03A6 /* AppDestination.swift */,
				92395C126B031A5B6E4FA23A /* MobileAppModel.swift */,
				9C2FA017ECE34AD4EC38C193 /* MobileAppModel+Workspace.swift */,
				CE10A6BED72EC4EC9E953AC0 /* MobileRootView.swift */,
				ADD99FE2491D9DADDD49245F /* MobileWorkspaceView.swift */,
			);
			path = AppShell;
			sourceTree = "<group>";
		};
		29ECB77284D2991429DF7D4D /* Platform */ = {
			isa = PBXGroup;
			children = (
				6087F39A093513F611D7457C /* Documents */,
				BC62AE7E4EC88ED911F68908 /* Photos */,
				7CF3CF2F134F7FB335502380 /* Preview */,
				6AC123C09565EE4DFF76CFE5 /* Sharing */,
			);
			path = Platform;
			sourceTree = "<group>";
		};
		31BC29426B48A8F7EF32C808 /* Downloads */ = {
			isa = PBXGroup;
			children = (
				ED7845C53CCF98E74E1F8119 /* MobileAppModel+Downloads.swift */,
				1665A641459B94502F9DAD67 /* MobileDownloadBTSearchView.swift */,
				3BA1C0196B4D1AA01DFDEC62 /* MobileDownloadsView.swift */,
			);
			path = Downloads;
			sourceTree = "<group>";
		};
		32D4BB316B8E8066E251F438 /* Viewer */ = {
			isa = PBXGroup;
			children = (
				26A13816218A0CD8E70D1ED5 /* MobilePhotoViewerModel.swift */,
				B30FFF0D525CCE3EAE959397 /* MobilePhotoViewerState.swift */,
				614D02CCBAEC3B6CF1A0A458 /* MobilePhotoViewerView.swift */,
			);
			path = Viewer;
			sourceTree = "<group>";
		};
		332CF9C9DF909E0EF66D2E93 /* Products */ = {
			isa = PBXGroup;
			children = (
				4DD69A0DF2CC3B89B136C95F /* DsmMobile.app */,
				C4724BE81BEF1AF43DBAA783 /* DsmMobileTests.xctest */,
			);
			name = Products;
			sourceTree = "<group>";
		};
		39046F08985CE6F0DC455EEF /* Locations */ = {
			isa = PBXGroup;
			children = (
				98237495B4637F541E44532B /* MobileFileLocationsModel.swift */,
				6B9182C3B7EB67E2377835EC /* MobileFileLocationsState.swift */,
				7D2CB42CEC5AE1F10B5FE43F /* MobileFileLocationsView.swift */,
			);
			path = Locations;
			sourceTree = "<group>";
		};
		488AC0E7F158BDB68A7DBE7C /* Features */ = {
			isa = PBXGroup;
			children = (
				0B5AFB9F810D6577D48CC0DC /* Activity */,
				09C830E3ED70F9954F6982A4 /* Administration */,
				6F2BBCA810C3613EBED26FBF /* Chat */,
				D73BD72A59225CED7BF3B5B0 /* Files */,
				E8C63423F2A62674E5898099 /* Photos */,
				AD953B06421A92D6A430922A /* ReadOnlyServices */,
				55DBDC6A5CB4CA9C00520D59 /* Services */,
				611022F8BEDD6D3D239D73EC /* Settings */,
			);
			path = Features;
			sourceTree = "<group>";
		};
		55DBDC6A5CB4CA9C00520D59 /* Services */ = {
			isa = PBXGroup;
			children = (
				31BC29426B48A8F7EF32C808 /* Downloads */,
			);
			path = Services;
			sourceTree = "<group>";
		};
		5962530214A589483D0F09FE /* CommonUI */ = {
			isa = PBXGroup;
			children = (
				F49A6A40E7D7A7B79C5A0A4D /* MobileCommonViews.swift */,
				E5A92BB36D80B20C0388F7C6 /* MobileDesignTokens.swift */,
				D661A354942BFCFE8EEC9CFD /* MobileMutationCoordinator.swift */,
				3605D9C078C072DC4969593E /* MobileMutationFeedbackView.swift */,
				FE68C11460DF3803FF35B9EE /* MobilePageState.swift */,
				FCC97D6A4CF383292773C52E /* MobilePageStateView.swift */,
			);
			path = CommonUI;
			sourceTree = "<group>";
		};
		6087F39A093513F611D7457C /* Documents */ = {
			isa = PBXGroup;
			children = (
				357810527D8B82717F681250 /* MobileDocumentExporter.swift */,
				8F77F7EA2BA0380BFBDC4A16 /* MobileDocumentTransferController.swift */,
				D3DA32210EE689A1BCF38C8F /* MobileShareSheet.swift */,
			);
			path = Documents;
			sourceTree = "<group>";
		};
		611022F8BEDD6D3D239D73EC /* Settings */ = {
			isa = PBXGroup;
			children = (
				0760F4537FDCC7A83621B9C7 /* MobileSettingsState.swift */,
				CBA7A2040AE214D55509151C /* MobileSettingsStore.swift */,
				8C92A2E2CCE19C2C1C47E97B /* MobileSettingsView.swift */,
			);
			path = Settings;
			sourceTree = "<group>";
		};
		65FD27E65F0353AA9510D0D6 /* Timeline */ = {
			isa = PBXGroup;
			children = (
				98D3E68F93FA5FABDE0D1C2B /* MobilePhotoTimelineModel.swift */,
				3E9635AC9995D62F1F698785 /* MobilePhotoTimelineState.swift */,
				FC722A35DBD74157E9C33B85 /* MobilePhotoTimelineView.swift */,
			);
			path = Timeline;
			sourceTree = "<group>";
		};
		6AC123C09565EE4DFF76CFE5 /* Sharing */ = {
			isa = PBXGroup;
			children = (
				18AB6262ECEDDEA15D3DD57F /* MobileClipboard.swift */,
			);
			path = Sharing;
			sourceTree = "<group>";
		};
		6F2BBCA810C3613EBED26FBF /* Chat */ = {
			isa = PBXGroup;
			children = (
				D99C0DDF69CB7426FBCC8969 /* MobileChatAttachmentModel.swift */,
				10D7D9F4CBF78029C56975CA /* MobileChatAttachmentSelection.swift */,
				097C67D88F0CB60D14D53AFB /* MobileChatAttachmentView.swift */,
				946E6D183FAF88185667FC50 /* MobileChatConversationCreator.swift */,
				66583AC042046A17C5D717BE /* MobileChatConversationPinStore.swift */,
				8B8327A63A22514714F883D1 /* MobileChatModel.swift */,
				D8DC8F59A9D7E0D860427DD2 /* MobileChatRemoteAttachmentActions.swift */,
				1C1465865FA0F0DD22BD75F5 /* MobileChatState.swift */,
				6DE776F2D37AACF49BE2BBEA /* MobileChatView.swift */,
				B9751A989A09B1D121D8CD68 /* MobileReadOnlyChatRepository.swift */,
			);
			path = Chat;
			sourceTree = "<group>";
		};
		7030EC10C35A8DBCA441713C /* CopyMove */ = {
			isa = PBXGroup;
			children = (
				245A9E8184A8B60E2305C61D /* MobileFileCopyMoveModel.swift */,
				B632F6952A251C8ACB5032CF /* MobileFileCopyMoveState.swift */,
				C7B24736F93A76A35A8BFAE3 /* MobileFileCopyMoveView.swift */,
			);
			path = CopyMove;
			sourceTree = "<group>";
		};
		7CF3CF2F134F7FB335502380 /* Preview */ = {
			isa = PBXGroup;
			children = (
				F9E34CE25C33B2C9D297AFD7 /* MobileMediaPlayer.swift */,
				047A23643F3DCE4145E60D10 /* MobileQuickLookPreview.swift */,
				2D941EADC998C957073E76F8 /* MobileSecureRangeReader.swift */,
			);
			path = Preview;
			sourceTree = "<group>";
		};
		9561591FED7428BC74049862 /* Resources */ = {
			isa = PBXGroup;
			children = (
				C0C941E338B615CF4156D6DF /* AppIcon.png */,
				C7E3C64B837651EFE7D18295 /* Assets.xcassets */,
				83C0AB333F8D5F74490217B4 /* InfoPlist.strings */,
				313CF1924503C1EB6667424B /* Localizable.strings */,
			);
			path = Resources;
			sourceTree = "<group>";
		};
		9C593FB252F2535B19677890 /* Containers */ = {
			isa = PBXGroup;
			children = (
				55989B2239A86F23EE21D2AB /* MobileContainerInventoryModel.swift */,
				12DDC9EC9426E8529DC945F9 /* MobileContainerInventoryState.swift */,
				CA92F3241E2F6936AED99DAB /* MobileContainersView.swift */,
				5BB2C0188998FDF89AD9FC01 /* MobileReadOnlyContainerRepository.swift */,
			);
			path = Containers;
			sourceTree = "<group>";
		};
		A17936BACA4E80E9F90C6162 /* VirtualMachines */ = {
			isa = PBXGroup;
			children = (
				83D72DC71018D24D7643BEC7 /* MobileReadOnlyVirtualMachineRepository.swift */,
				60249569946CF43222058C6F /* MobileVirtualMachineInventoryModel.swift */,
				BA4355F071E7D057D4D861A2 /* MobileVirtualMachineInventoryState.swift */,
				1580A58CC5112D0E8A6586B8 /* MobileVirtualMachinesView.swift */,
			);
			path = VirtualMachines;
			sourceTree = "<group>";
		};
		AA5795A540BF77CFF7C47538 /* Mutation */ = {
			isa = PBXGroup;
			children = (
				A8A8FF3BE72F5AC241183604 /* MobileFileItemMutationModel.swift */,
				53D590E883373E65304C9AB2 /* MobileFileItemMutationState.swift */,
				8ADFCF13C9EBB8AE3F67648B /* MobileFileItemMutationView.swift */,
			);
			path = Mutation;
			sourceTree = "<group>";
		};
		AD953B06421A92D6A430922A /* ReadOnlyServices */ = {
			isa = PBXGroup;
			children = (
				9C593FB252F2535B19677890 /* Containers */,
				A17936BACA4E80E9F90C6162 /* VirtualMachines */,
			);
			path = ReadOnlyServices;
			sourceTree = "<group>";
		};
		B784BECBC0BCEB710C7ADC8E /* Recycle */ = {
			isa = PBXGroup;
			children = (
				ABE01EDB2ED539DA91328286 /* MobileFileRecycleActionModel.swift */,
				1A274539D5C1D7977FF5483D /* MobileFileRecycleActionState.swift */,
				FF474193EBD9FA1F91348FFD /* MobileFileRecycleActionView.swift */,
			);
			path = Recycle;
			sourceTree = "<group>";
		};
		B9B57ECEB4A9147BF0C524F5 = {
			isa = PBXGroup;
			children = (
				BBE13091FEC99BFF029BABA3 /* Packages */,
				9561591FED7428BC74049862 /* Resources */,
				E5776DC40D44B2AB08F691E9 /* Sources */,
				BCB103C4A3EB29D84A638C00 /* Tests */,
				332CF9C9DF909E0EF66D2E93 /* Products */,
			);
			sourceTree = "<group>";
		};
		BBE13091FEC99BFF029BABA3 /* Packages */ = {
			isa = PBXGroup;
			children = (
				F6B036892E44B6793F28E6BE /* apple */,
			);
			name = Packages;
			sourceTree = "<group>";
		};
		BC62AE7E4EC88ED911F68908 /* Photos */ = {
			isa = PBXGroup;
			children = (
				005D0987EC182BE46A3B8582 /* MobilePhotosPickerServing.swift */,
			);
			path = Photos;
			sourceTree = "<group>";
		};
		BCB103C4A3EB29D84A638C00 /* Tests */ = {
			isa = PBXGroup;
			children = (
				2020DED0E172C5755E138C60 /* MobileActivityPresentationTests.swift */,
				C3023B003490EA8546A37D58 /* MobileCertificateReviewTests.swift */,
				695E56167B0E793BE9796CCD /* MobileChatAttachmentTests.swift */,
				04A46753F409CE7A5C2965A5 /* MobileChatModelTests.swift */,
				82AF03B16F3BDC0B180772DB /* MobileChatPresentationTests.swift */,
				177BA89A182A56567AC506D3 /* MobileContainerInventoryModelTests.swift */,
				76C9243C7D248345AE585834 /* MobileContainerPresentationTests.swift */,
				2EC7084D6815E02965F44E87 /* MobileContentStateTests.swift */,
				E15C27EF86330C93C5B8B459 /* MobileDocumentTransferTests.swift */,
				30D5E6AF957EFD1DAD63360F /* MobileDownloadsSafetyTests.swift */,
				7F0EC939E446CFFBC7E3EEBE /* MobileFileActivityModelTests.swift */,
				10233385CFE9A466085BA027 /* MobileFileBrowserModelTests.swift */,
				6FBEDA87DD38606AF73B3D3E /* MobileFileBrowserPresentationTests.swift */,
				32A8D68C710C4F9900373B35 /* MobileFileCopyMoveModelTests.swift */,
				E5D7E7DF2CF1AED1F506B0C4 /* MobileFileCopyMovePresentationTests.swift */,
				AAB5A254B4581F16586FE9F3 /* MobileFileItemMutationModelTests.swift */,
				8C1E44F325595EDC7115343E /* MobileFileItemMutationPresentationTests.swift */,
				7383F444C9E41E1B664CFFEC /* MobileFileLocationsModelTests.swift */,
				0514C75FC831D60F61393D80 /* MobileFileLocationsPresentationTests.swift */,
				9B72BECFCCB7C3A6A4079137 /* MobileFilePreviewIntegrationTests.swift */,
				70A12B8787A2A01F887067C8 /* MobileFilePreviewModelTests.swift */,
				2CE444F597D515DF65947F6B /* MobileFilePreviewPresentationTests.swift */,
				5B0C6D7E3892F3433F57E770 /* MobileFileRecycleActionModelTests.swift */,
				47FEE7AEDA7E118C66AF9696 /* MobileFileRecycleActionPresentationTests.swift */,
				CD79516204D8F6367D61EC89 /* MobileFileShareLinkIntegrationTests.swift */,
				A02E9A94EB5A4C38A3CFAE7B /* MobileFileShareLinkModelTests.swift */,
				DB54833C3A49B141211BC5C7 /* MobileFileShareLinkPresentationTests.swift */,
				F13179FE2BF0AAE3F3AC76FF /* MobileModuleTests.swift */,
				A6814C944FA1EC32536CDF09 /* MobileMutationCoordinatorTests.swift */,
				F747DE9CEF5793AC7CD7B877 /* MobileNasDetailsModelTests.swift */,
				748AEBE10DD2AE1F285EA14E /* MobileNasHealthModelTests.swift */,
				538B7C63824F35DFB08E16D1 /* MobileNasHealthPresentationTests.swift */,
				AA9CAE141B687329ABF62ACB /* MobilePhotoImportModelTests.swift */,
				D9C97073F4E6A76342F1FD1E /* MobilePhotoImportPresentationTests.swift */,
				91E1F3794BFF1E341F2E968C /* MobilePhotoLibraryModelTests.swift */,
				A0C4213FAEC799690834446E /* MobilePhotosPresentationTests.swift */,
				B12D5578616F6ACC02EE781C /* MobilePhotoTimelineModelTests.swift */,
				EA1C058948EC3E3E2B7EE6E3 /* MobilePhotoTimelinePresentationTests.swift */,
				066ED82E47A801F00E15074B /* MobilePhotoViewerModelTests.swift */,
				D57A1FBEB7F7DF54CB68F6D3 /* MobilePhotoViewerPresentationTests.swift */,
				61BD8119CED9AD173638CF50 /* MobileSecureStoreDefaultsTests.swift */,
				7B11C7FC8161331CA90ECF34 /* MobileSessionShellTests.swift */,
				B8482E65435CAE758544DF70 /* MobileSettingsTests.swift */,
				6F84FD2D182696A03E63509A /* MobileTransferStateTests.swift */,
				DD14EC2D6F24EAEE73685EBD /* MobileVirtualMachineInventoryModelTests.swift */,
				3322215F3281971D0BF26C51 /* MobileVirtualMachinePresentationTests.swift */,
			);
			path = Tests;
			sourceTree = "<group>";
		};
		D73BD72A59225CED7BF3B5B0 /* Files */ = {
			isa = PBXGroup;
			children = (
				A8D3F4F039BA27472F90B325 /* MobileAppModel+Files.swift */,
				2A919AA45E98DCDB92207412 /* MobileFileBrowser.swift */,
				ED078A6D81DD1ECA45E75D11 /* MobileFileBrowserModel.swift */,
				563278D949C1A32C01CCE48E /* MobileFileBrowserState.swift */,
				1AB67ABFFBD0FCCEFE0C2BBA /* MobileFileDetailsView.swift */,
				9B2950BE2B1676E080A80F7F /* MobileFilePreviewModel.swift */,
				0BA77BCD1CACBAB1760DE09D /* MobileFilePreviewState.swift */,
				17EF4D1E2C494CB4418919DE /* MobileFilePreviewView.swift */,
				7030EC10C35A8DBCA441713C /* CopyMove */,
				39046F08985CE6F0DC455EEF /* Locations */,
				AA5795A540BF77CFF7C47538 /* Mutation */,
				B784BECBC0BCEB710C7ADC8E /* Recycle */,
				E1ED78AAAB2C6CB925CA1D34 /* Sharing */,
			);
			path = Files;
			sourceTree = "<group>";
		};
		E1ED78AAAB2C6CB925CA1D34 /* Sharing */ = {
			isa = PBXGroup;
			children = (
				9220E5EB8824241A678CA909 /* MobileFileShareLinkModel.swift */,
				CEF417416E4213239AC754CA /* MobileFileShareLinkState.swift */,
				9AD2F0694B89D90D83E45AF5 /* MobileFileShareLinkView.swift */,
			);
			path = Sharing;
			sourceTree = "<group>";
		};
		E5776DC40D44B2AB08F691E9 /* Sources */ = {
			isa = PBXGroup;
			children = (
				F98360F050406F1BD9076A89 /* DsmMobileApp.swift */,
				F9AD25190A561C9AB18A6B09 /* KeychainSessionStore.swift */,
				20822543FB8329DF4437E9AA /* AppShell */,
				5962530214A589483D0F09FE /* CommonUI */,
				488AC0E7F158BDB68A7DBE7C /* Features */,
				29ECB77284D2991429DF7D4D /* Platform */,
				F39C982383FAD82FA1A66220 /* Session */,
			);
			path = Sources;
			sourceTree = "<group>";
		};
		E8C63423F2A62674E5898099 /* Photos */ = {
			isa = PBXGroup;
			children = (
				087660D994A5EA1E29F0E00D /* MobilePhotoCell.swift */,
				69EFD1C58B40E4BD5E3687CD /* MobilePhotoGrid.swift */,
				EA33F792D50C901DD265A1E2 /* MobilePhotoLibraryModel.swift */,
				DDAD864CCC670535E48D032D /* MobilePhotoLibraryState.swift */,
				E7ED010D418522311FB502AA /* MobilePhotosView.swift */,
				80C124FF6289432799159A4D /* MobilePhotoThumbnailStore.swift */,
				EBDD486DADFA93ED69409307 /* Import */,
				65FD27E65F0353AA9510D0D6 /* Timeline */,
				32D4BB316B8E8066E251F438 /* Viewer */,
			);
			path = Photos;
			sourceTree = "<group>";
		};
		EBDD486DADFA93ED69409307 /* Import */ = {
			isa = PBXGroup;
			children = (
				D0BCF06F0AE22FBEC1CA25B6 /* MobilePhotoImportModel.swift */,
				A28A3A851A297BE9BA335B0D /* MobilePhotoImportState.swift */,
				721E8F0FBB4B601BEF88A98B /* MobilePhotoImportView.swift */,
			);
			path = Import;
			sourceTree = "<group>";
		};
		F39C982383FAD82FA1A66220 /* Session */ = {
			isa = PBXGroup;
			children = (
				6DBD4CD0B29A929CC6FDD2D4 /* CertificateReviewState.swift */,
				220597A147A46D028B76DCBF /* MobileAppModel+Session.swift */,
				8AA7A3514665A3FFE403D4A6 /* MobileLoginView.swift */,
			);
			path = Session;
			sourceTree = "<group>";
		};
/* End PBXGroup section */

/* Begin PBXNativeTarget section */
		10BED25D17BD589395B495C7 /* DsmMobileTests */ = {
			isa = PBXNativeTarget;
			buildConfigurationList = E42C6D734290141EE0744DB9 /* Build configuration list for PBXNativeTarget "DsmMobileTests" */;
			buildPhases = (
				27FF3109590D39E04CDF0869 /* Sources */,
			);
			buildRules = (
			);
			dependencies = (
				4D70232F75C8AC2F22524CE2 /* PBXTargetDependency */,
			);
			name = DsmMobileTests;
			packageProductDependencies = (
			);
			productName = DsmMobileTests;
			productReference = C4724BE81BEF1AF43DBAA783 /* DsmMobileTests.xctest */;
			productType = "com.apple.product-type.bundle.unit-test";
		};
		BD40B04E2D905310E229318F /* DsmMobile */ = {
			isa = PBXNativeTarget;
			buildConfigurationList = E74A05B64D35CA21A21D65C5 /* Build configuration list for PBXNativeTarget "DsmMobile" */;
			buildPhases = (
				14D576D9DE90577180CDA86B /* Sources */,
				E25A94FD2A68D9210A3F1030 /* Resources */,
				1E688204B7F0CF9A5B188868 /* Frameworks */,
			);
			buildRules = (
			);
			dependencies = (
			);
			name = DsmMobile;
			packageProductDependencies = (
				1378A92318CD7678974010E4 /* DsmLocalization */,
				28492EA0CE4CAD3EC3C9163D /* DsmCore */,
				014F2C74E046B32D937E73A2 /* DsmNetwork */,
			);
			productName = DsmMobile;
			productReference = 4DD69A0DF2CC3B89B136C95F /* DsmMobile.app */;
			productType = "com.apple.product-type.application";
		};
/* End PBXNativeTarget section */

/* Begin PBXProject section */
		D6A8E76CA318D27E9A0868BA /* Project object */ = {
			isa = PBXProject;
			attributes = {
				BuildIndependentTargetsInParallel = YES;
				LastUpgradeCheck = 1430;
				TargetAttributes = {
					10BED25D17BD589395B495C7 = {
						DevelopmentTeam = "";
						ProvisioningStyle = Automatic;
					};
					BD40B04E2D905310E229318F = {
						DevelopmentTeam = "";
						ProvisioningStyle = Automatic;
					};
				};
			};
			buildConfigurationList = 308B9B43E707D32AD0AE00AB /* Build configuration list for PBXProject "DsmMobile" */;
			developmentRegion = en;
			hasScannedForEncodings = 0;
			knownRegions = (
				Base,
				en,
				"zh-Hans",
			);
			mainGroup = B9B57ECEB4A9147BF0C524F5;
			minimizedProjectReferenceProxies = 1;
			packageReferences = (
				41FD3D22E5DFF7F9299494FE /* XCLocalSwiftPackageReference "../.." */,
			);
			preferredProjectObjectVersion = 77;
			productRefGroup = 332CF9C9DF909E0EF66D2E93 /* Products */;
			projectDirPath = "";
			projectRoot = "";
			targets = (
				BD40B04E2D905310E229318F /* DsmMobile */,
				10BED25D17BD589395B495C7 /* DsmMobileTests */,
			);
		};
/* End PBXProject section */

/* Begin PBXResourcesBuildPhase section */
		E25A94FD2A68D9210A3F1030 /* Resources */ = {
			isa = PBXResourcesBuildPhase;
			buildActionMask = 2147483647;
			files = (
				0DE9E34E1ED20A280E95275C /* AppIcon.png in Resources */,
				6394B4C4C0B71B453620827D /* Assets.xcassets in Resources */,
				A55817773722F79E87C57CE0 /* InfoPlist.strings in Resources */,
				1426FE1B006C7564A67E6441 /* Localizable.strings in Resources */,
			);
			runOnlyForDeploymentPostprocessing = 0;
		};
/* End PBXResourcesBuildPhase section */

/* Begin PBXSourcesBuildPhase section */
		14D576D9DE90577180CDA86B /* Sources */ = {
			isa = PBXSourcesBuildPhase;
			buildActionMask = 2147483647;
			files = (
				5E2641F6D2CA263936D13B33 /* AppDestination.swift in Sources */,
				829E16E8819DE0FA8F7BF17C /* CertificateReviewState.swift in Sources */,
				ADEC01498BDB4D86E619729C /* DsmMobileApp.swift in Sources */,
				97938D7B0AC80E7384388680 /* KeychainSessionStore.swift in Sources */,
				795B81748697CB22543C46F0 /* MobileActivityModels.swift in Sources */,
				B382ECFF6E33E19DBD254CF8 /* MobileActivityView.swift in Sources */,
				48C22D6E3546504D1CA1189F /* MobileAppModel+Administration.swift in Sources */,
				2A8EB7E79BE745588AAB9920 /* MobileAppModel+Downloads.swift in Sources */,
				4C6A2D3FFE961269EB57FDD3 /* MobileAppModel+Files.swift in Sources */,
				157502F0B337806E934A6E0E /* MobileAppModel+Session.swift in Sources */,
				6BC5E997C3079FF1CB7D3B68 /* MobileAppModel+Workspace.swift in Sources */,
				DA5E5AD8855709AFDE5C9C0B /* MobileAppModel.swift in Sources */,
				55CCA0A5A91BF07F6F762928 /* MobileChatAttachmentModel.swift in Sources */,
				50B8AFE135A387C4D0A11CB7 /* MobileChatAttachmentSelection.swift in Sources */,
				D2762157688C1AC93EA7AE9C /* MobileChatAttachmentView.swift in Sources */,
				9ED0830E21EDC9943C485BA6 /* MobileChatConversationCreator.swift in Sources */,
				B8FF4554BD85132C8C93103A /* MobileChatConversationPinStore.swift in Sources */,
				E3DC4CA421C261CCFB2D0602 /* MobileChatModel.swift in Sources */,
				AEF6DF071CFDC2D02687D5DB /* MobileChatRemoteAttachmentActions.swift in Sources */,
				EE0273D20F87B7CB740684E5 /* MobileChatState.swift in Sources */,
				82453EED8BF23F11975B2278 /* MobileChatView.swift in Sources */,
				AF25080AAD4ACE3C3B6AD8E9 /* MobileClipboard.swift in Sources */,
				E7D4C931BA169D77BCCA7CCB /* MobileCommonViews.swift in Sources */,
				AE9AF6DD661530F904C4E38F /* MobileContainerInventoryModel.swift in Sources */,
				6044E88EEA890F92C2860976 /* MobileContainerInventoryState.swift in Sources */,
				46A81F13260E0E6B24DEFC73 /* MobileContainersView.swift in Sources */,
				3CCBC884D014C8567DFF1877 /* MobileDesignTokens.swift in Sources */,
				9EA98E1229DE58F0DF661267 /* MobileDocumentExporter.swift in Sources */,
				1FB45EC8E128574E56E0FD4B /* MobileDocumentTransferController.swift in Sources */,
				4A3D053A1BFAD7FA2847C45F /* MobileDownloadBTSearchView.swift in Sources */,
				A412DF788F3C9658C74FE6CB /* MobileDownloadsView.swift in Sources */,
				1BEFB4455D86CA4CE6AC1026 /* MobileFileActivityModel.swift in Sources */,
				0E2443A13F469987B53F8983 /* MobileFileBrowser.swift in Sources */,
				0753F981049D0712A812E9B2 /* MobileFileBrowserModel.swift in Sources */,
				3CAE31A0ABF71FEF9B4B953E /* MobileFileBrowserState.swift in Sources */,
				38DC76513C796CE754CA595C /* MobileFileCopyMoveModel.swift in Sources */,
				83632198800AD98E4C81F29A /* MobileFileCopyMoveState.swift in Sources */,
				0C50A25BDBCAD1F8C3ECFE2B /* MobileFileCopyMoveView.swift in Sources */,
				2144B79D45D91BA7D0F96191 /* MobileFileDetailsView.swift in Sources */,
				B3D16F80E221E91955236A29 /* MobileFileItemMutationModel.swift in Sources */,
				607735ADABD5DAC7CD85379F /* MobileFileItemMutationState.swift in Sources */,
				37CF63D2A6D9EBEFD4220986 /* MobileFileItemMutationView.swift in Sources */,
				0CD7363223C7FDD370BC0E9D /* MobileFileLocationsModel.swift in Sources */,
				B7B2C648446B68805575E6C4 /* MobileFileLocationsState.swift in Sources */,
				DC658BDAB1D1D08A26131F33 /* MobileFileLocationsView.swift in Sources */,
				848086CE7C88C9F79A2A6E3E /* MobileFilePreviewModel.swift in Sources */,
				B7F3C38CE9E15AF8CD9EAE92 /* MobileFilePreviewState.swift in Sources */,
				61CE53A0F5F1F5B374D9B5E3 /* MobileFilePreviewView.swift in Sources */,
				C9CC77271DF678AC0F6A4131 /* MobileFileRecycleActionModel.swift in Sources */,
				AC637B9BDA0F7933EFC85AC8 /* MobileFileRecycleActionState.swift in Sources */,
				D0ABDAF422804B56EB68310D /* MobileFileRecycleActionView.swift in Sources */,
				C5D19D1EA5C3B4EB77CBFFEC /* MobileFileShareLinkModel.swift in Sources */,
				AFDB3F2E15C2595BF4263ED6 /* MobileFileShareLinkState.swift in Sources */,
				6A744AAABA74634D0B4628F4 /* MobileFileShareLinkView.swift in Sources */,
				87E1FD2E717DC19DC01771B9 /* MobileLoginView.swift in Sources */,
				A80A9A2515CCB07395E87215 /* MobileMediaPlayer.swift in Sources */,
				D307A06A2C0733D5CCC4E5BF /* MobileMutationCoordinator.swift in Sources */,
				73FEB598C1BB0420DC0929AC /* MobileMutationFeedbackView.swift in Sources */,
				490B15935B1C677994311ED9 /* MobileNasDetailsModel.swift in Sources */,
				957BC9BEDC6EDEB3F0FEDBE9 /* MobileNasDetailsState.swift in Sources */,
				7F75D61A2F42AFC1699A4AF9 /* MobileNasDetailsView.swift in Sources */,
				FD04D6478BDD555BD3A7A68E /* MobileNasHealthModel.swift in Sources */,
				39F96BDF05F27E180FDE122A /* MobileNasHealthState.swift in Sources */,
				5452D9BF6AA2C12EDD61ACD9 /* MobileNasSettingsView.swift in Sources */,
				C0336B061806026E8D78DF80 /* MobilePageState.swift in Sources */,
				6941A1EFDDE29EBA7A380398 /* MobilePageStateView.swift in Sources */,
				D1340D4E6A19D5F848039DA6 /* MobilePhotoCell.swift in Sources */,
				A6369AA232E7BFB52D0875CF /* MobilePhotoGrid.swift in Sources */,
				A81C0E1ED02E79DFAD086478 /* MobilePhotoImportModel.swift in Sources */,
				CE5C54DDCC2B4E658704B5AB /* MobilePhotoImportState.swift in Sources */,
				D7A7F3F1CB532AB8047A8AD4 /* MobilePhotoImportView.swift in Sources */,
				A92F8A3A03B3C1C778A309B6 /* MobilePhotoLibraryModel.swift in Sources */,
				F887FB2444C7BE9EFBCD8C21 /* MobilePhotoLibraryState.swift in Sources */,
				7E3B76C6EAC5ADF532E70BDC /* MobilePhotoThumbnailStore.swift in Sources */,
				6BB01913520A4953A3337983 /* MobilePhotoTimelineModel.swift in Sources */,
				78F0A277A3649F85D1DC7E74 /* MobilePhotoTimelineState.swift in Sources */,
				A3B7FF943FFB3986E1106FF3 /* MobilePhotoTimelineView.swift in Sources */,
				D083C13FCDE232573C1765EC /* MobilePhotoViewerModel.swift in Sources */,
				89AA0C09E73CBE509890F4E6 /* MobilePhotoViewerState.swift in Sources */,
				BE942E87306486507A8C241F /* MobilePhotoViewerView.swift in Sources */,
				8546CE89F2814F1AD17E5ED8 /* MobilePhotosPickerServing.swift in Sources */,
				762C8185B749954CEA407F07 /* MobilePhotosView.swift in Sources */,
				20DA9FB3FE2467E114AF7903 /* MobileQuickLookPreview.swift in Sources */,
				81DD84E9037615F06BFBBC38 /* MobileReadOnlyChatRepository.swift in Sources */,
				C116711498149DBF280FD5D8 /* MobileReadOnlyContainerRepository.swift in Sources */,
				C6D7C157FFAF5FC1A8187802 /* MobileReadOnlyNasDetailsRepository.swift in Sources */,
				26F4F5240F6D4FC1B5EA83BE /* MobileReadOnlyNasHealthRepository.swift in Sources */,
				9DE33E6EC691C9C4BD4D7801 /* MobileReadOnlyVirtualMachineRepository.swift in Sources */,
				CE59E03E793698910ED7B627 /* MobileRootView.swift in Sources */,
				10839236490F91EE60961FE8 /* MobileSecureRangeReader.swift in Sources */,
				E73F457CC88E78D95548EA80 /* MobileSettingsState.swift in Sources */,
				25BFE595A4035B82B11A24FB /* MobileSettingsStore.swift in Sources */,
				1B2733D3643F708F7E3817BC /* MobileSettingsView.swift in Sources */,
				8F506A92F1043F4B63C65957 /* MobileShareSheet.swift in Sources */,
				63BF5103A417F4791B19DB91 /* MobileTransferCoordinator.swift in Sources */,
				D1E09752EBF2D04D11515A51 /* MobileTransferServing.swift in Sources */,
				D5338AE8B4F01F3AB687B9F7 /* MobileVirtualMachineInventoryModel.swift in Sources */,
				BA9E48676E340964A14E021A /* MobileVirtualMachineInventoryState.swift in Sources */,
				8648818FF4ECAFE35910E55D /* MobileVirtualMachinesView.swift in Sources */,
				BF37BC62FBC1C293E448DCCA /* MobileWorkspaceView.swift in Sources */,
			);
			runOnlyForDeploymentPostprocessing = 0;
		};
		27FF3109590D39E04CDF0869 /* Sources */ = {
			isa = PBXSourcesBuildPhase;
			buildActionMask = 2147483647;
			files = (
				09438DAA0ACF247F46F5E360 /* MobileActivityPresentationTests.swift in Sources */,
				D0C8EF4AA2EB8F8B19812439 /* MobileCertificateReviewTests.swift in Sources */,
				4CBE077967C5F4DED6B32C08 /* MobileChatAttachmentTests.swift in Sources */,
				16D7B484DCFD158D40860A17 /* MobileChatModelTests.swift in Sources */,
				D5CF58E15FB6C7D8E8360C75 /* MobileChatPresentationTests.swift in Sources */,
				0BE0A5C7839461AC9C0A6413 /* MobileContainerInventoryModelTests.swift in Sources */,
				A5AEE6A38E0514C6EA1692B7 /* MobileContainerPresentationTests.swift in Sources */,
				E57D2E695E616F30EBE7349C /* MobileContentStateTests.swift in Sources */,
				3A6A3DF703F83217A7365159 /* MobileDocumentTransferTests.swift in Sources */,
				01B3F81A328DC5C6885A2EA4 /* MobileDownloadsSafetyTests.swift in Sources */,
				1898F686C815970A8E97DB52 /* MobileFileActivityModelTests.swift in Sources */,
				2EB264E0E5DEE62898843DFD /* MobileFileBrowserModelTests.swift in Sources */,
				AFCBDEF374E851175B9C1325 /* MobileFileBrowserPresentationTests.swift in Sources */,
				796439823EF4A79F175A3901 /* MobileFileCopyMoveModelTests.swift in Sources */,
				661BB3CE267EF56B919E9B44 /* MobileFileCopyMovePresentationTests.swift in Sources */,
				224A782C73ABF6721C97DD3C /* MobileFileItemMutationModelTests.swift in Sources */,
				2D1F21087AF685B3985DFBCB /* MobileFileItemMutationPresentationTests.swift in Sources */,
				45206CDAAD36881543019536 /* MobileFileLocationsModelTests.swift in Sources */,
				665368FDAE81125FFC9AE7E0 /* MobileFileLocationsPresentationTests.swift in Sources */,
				FBE85F3789AAABA5DA06B9E0 /* MobileFilePreviewIntegrationTests.swift in Sources */,
				435FEA22AAE74D42E187F068 /* MobileFilePreviewModelTests.swift in Sources */,
				47E8C57E2F7F7F29055F51CB /* MobileFilePreviewPresentationTests.swift in Sources */,
				C9E92410C1CB08B4A9198061 /* MobileFileRecycleActionModelTests.swift in Sources */,
				4ABCFAD4455CA645AD2A33FA /* MobileFileRecycleActionPresentationTests.swift in Sources */,
				E83543BCF1E11497640AA0DE /* MobileFileShareLinkIntegrationTests.swift in Sources */,
				15A65C2A073C2588FF41C02E /* MobileFileShareLinkModelTests.swift in Sources */,
				794A78854FF3A327BA9B1555 /* MobileFileShareLinkPresentationTests.swift in Sources */,
				C6DBB1F1C2E6E594D09204F3 /* MobileModuleTests.swift in Sources */,
				0E06BD264AEB202819B2325B /* MobileMutationCoordinatorTests.swift in Sources */,
				C04845DC7801099517555CAD /* MobileNasDetailsModelTests.swift in Sources */,
				7EDD0DC33634D81182EE3772 /* MobileNasHealthModelTests.swift in Sources */,
				A7C1FFE460A300469618F50F /* MobileNasHealthPresentationTests.swift in Sources */,
				B3909426925F6DA75A3F785E /* MobilePhotoImportModelTests.swift in Sources */,
				006A95722A4683A7691F5B6F /* MobilePhotoImportPresentationTests.swift in Sources */,
				99249ACD6CE25680C74602C2 /* MobilePhotoLibraryModelTests.swift in Sources */,
				03FC15C8827AC62FCE6F6FE2 /* MobilePhotoTimelineModelTests.swift in Sources */,
				36A42019A596EE95624211B7 /* MobilePhotoTimelinePresentationTests.swift in Sources */,
				9B80490730E878DEFCC634A4 /* MobilePhotoViewerModelTests.swift in Sources */,
				611B90EA0DAAA164284827D7 /* MobilePhotoViewerPresentationTests.swift in Sources */,
				271DC61198259C2E57745F7F /* MobilePhotosPresentationTests.swift in Sources */,
				382DC60E969EC3856782B694 /* MobileSecureStoreDefaultsTests.swift in Sources */,
				C57B05887872F7F7CB34393A /* MobileSessionShellTests.swift in Sources */,
				37516C021D25FCB4AE7CF7F1 /* MobileSettingsTests.swift in Sources */,
				1E20ADF3FA6939191A58942C /* MobileTransferStateTests.swift in Sources */,
				03A02ABF397FF142ABA10199 /* MobileVirtualMachineInventoryModelTests.swift in Sources */,
				6786CB4BDAED78DDCFF8E22C /* MobileVirtualMachinePresentationTests.swift in Sources */,
			);
			runOnlyForDeploymentPostprocessing = 0;
		};
/* End PBXSourcesBuildPhase section */

/* Begin PBXTargetDependency section */
		4D70232F75C8AC2F22524CE2 /* PBXTargetDependency */ = {
			isa = PBXTargetDependency;
			target = BD40B04E2D905310E229318F /* DsmMobile */;
			targetProxy = D1A418AC228246B7EEC302A0 /* PBXContainerItemProxy */;
		};
/* End PBXTargetDependency section */

/* Begin PBXVariantGroup section */
		313CF1924503C1EB6667424B /* Localizable.strings */ = {
			isa = PBXVariantGroup;
			children = (
				D6474ABBF2C626D021872745 /* en */,
				27D53A798CAB0718E50F78B8 /* zh-Hans */,
			);
			name = Localizable.strings;
			sourceTree = "<group>";
		};
		83C0AB333F8D5F74490217B4 /* InfoPlist.strings */ = {
			isa = PBXVariantGroup;
			children = (
				E919EE7D617AD9A7D12C5EA3 /* en */,
				6E60E499EC5EA8C45209777C /* zh-Hans */,
			);
			name = InfoPlist.strings;
			sourceTree = "<group>";
		};
/* End PBXVariantGroup section */

/* Begin XCBuildConfiguration section */
		1F173CBB0D72CA722D58FB47 /* Debug */ = {
			isa = XCBuildConfiguration;
			buildSettings = {
				ASSETCATALOG_COMPILER_APPICON_NAME = AppIcon;
				CODE_SIGN_ENTITLEMENTS = SupportingFiles/DsmMobile.entitlements;
				CODE_SIGN_IDENTITY = "iPhone Developer";
				INFOPLIST_FILE = SupportingFiles/Info.plist;
				LD_RUNPATH_SEARCH_PATHS = (
					"$(inherited)",
					"@executable_path/Frameworks",
				);
				PRODUCT_BUNDLE_IDENTIFIER = io.github.qwertyuiop1995.dsmnativeclient.mobile;
				PRODUCT_NAME = DsmMobile;
				SDKROOT = iphoneos;
				SUPPORTS_MACCATALYST = NO;
				TARGETED_DEVICE_FAMILY = "1,2";
			};
			name = Debug;
		};
		222E26220EFDA43B77218D26 /* Debug */ = {
			isa = XCBuildConfiguration;
			buildSettings = {
				ALWAYS_SEARCH_USER_PATHS = NO;
				CLANG_ANALYZER_NONNULL = YES;
				CLANG_ANALYZER_NUMBER_OBJECT_CONVERSION = YES_AGGRESSIVE;
				CLANG_CXX_LANGUAGE_STANDARD = "gnu++14";
				CLANG_CXX_LIBRARY = "libc++";
				CLANG_ENABLE_MODULES = YES;
				CLANG_ENABLE_OBJC_ARC = YES;
				CLANG_ENABLE_OBJC_WEAK = YES;
				CLANG_WARN_BLOCK_CAPTURE_AUTORELEASING = YES;
				CLANG_WARN_BOOL_CONVERSION = YES;
				CLANG_WARN_COMMA = YES;
				CLANG_WARN_CONSTANT_CONVERSION = YES;
				CLANG_WARN_DEPRECATED_OBJC_IMPLEMENTATIONS = YES;
				CLANG_WARN_DIRECT_OBJC_ISA_USAGE = YES_ERROR;
				CLANG_WARN_DOCUMENTATION_COMMENTS = YES;
				CLANG_WARN_EMPTY_BODY = YES;
				CLANG_WARN_ENUM_CONVERSION = YES;
				CLANG_WARN_INFINITE_RECURSION = YES;
				CLANG_WARN_INT_CONVERSION = YES;
				CLANG_WARN_NON_LITERAL_NULL_CONVERSION = YES;
				CLANG_WARN_OBJC_IMPLICIT_RETAIN_SELF = YES;
				CLANG_WARN_OBJC_LITERAL_CONVERSION = YES;
				CLANG_WARN_OBJC_ROOT_CLASS = YES_ERROR;
				CLANG_WARN_QUOTED_INCLUDE_IN_FRAMEWORK_HEADER = YES;
				CLANG_WARN_RANGE_LOOP_ANALYSIS = YES;
				CLANG_WARN_STRICT_PROTOTYPES = YES;
				CLANG_WARN_SUSPICIOUS_MOVE = YES;
				CLANG_WARN_UNGUARDED_AVAILABILITY = YES_AGGRESSIVE;
				CLANG_WARN_UNREACHABLE_CODE = YES;
				CLANG_WARN__DUPLICATE_METHOD_MATCH = YES;
				CODE_SIGN_STYLE = Automatic;
				COPY_PHASE_STRIP = NO;
				DEBUG_INFORMATION_FORMAT = dwarf;
				DEVELOPMENT_TEAM = "";
				ENABLE_STRICT_OBJC_MSGSEND = YES;
				ENABLE_TESTABILITY = YES;
				GCC_C_LANGUAGE_STANDARD = gnu11;
				GCC_DYNAMIC_NO_PIC = NO;
				GCC_NO_COMMON_BLOCKS = YES;
				GCC_OPTIMIZATION_LEVEL = 0;
				GCC_PREPROCESSOR_DEFINITIONS = (
					"$(inherited)",
					"DEBUG=1",
				);
				GCC_WARN_64_TO_32_BIT_CONVERSION = YES;
				GCC_WARN_ABOUT_RETURN_TYPE = YES_ERROR;
				GCC_WARN_UNDECLARED_SELECTOR = YES;
				GCC_WARN_UNINITIALIZED_AUTOS = YES_AGGRESSIVE;
				GCC_WARN_UNUSED_FUNCTION = YES;
				GCC_WARN_UNUSED_VARIABLE = YES;
				IPHONEOS_DEPLOYMENT_TARGET = 17.0;
				MTL_ENABLE_DEBUG_INFO = INCLUDE_SOURCE;
				MTL_FAST_MATH = YES;
				ONLY_ACTIVE_ARCH = YES;
				PRODUCT_NAME = "$(TARGET_NAME)";
				SDKROOT = iphoneos;
				SWIFT_ACTIVE_COMPILATION_CONDITIONS = DEBUG;
				SWIFT_OPTIMIZATION_LEVEL = "-Onone";
				SWIFT_VERSION = 6.0;
			};
			name = Debug;
		};
		2E44F3DC8EB43066783B7B02 /* Release */ = {
			isa = XCBuildConfiguration;
			buildSettings = {
				ASSETCATALOG_COMPILER_APPICON_NAME = AppIcon;
				CODE_SIGN_ENTITLEMENTS = SupportingFiles/DsmMobile.entitlements;
				CODE_SIGN_IDENTITY = "iPhone Developer";
				INFOPLIST_FILE = SupportingFiles/Info.plist;
				LD_RUNPATH_SEARCH_PATHS = (
					"$(inherited)",
					"@executable_path/Frameworks",
				);
				PRODUCT_BUNDLE_IDENTIFIER = io.github.qwertyuiop1995.dsmnativeclient.mobile;
				PRODUCT_NAME = DsmMobile;
				SDKROOT = iphoneos;
				SUPPORTS_MACCATALYST = NO;
				TARGETED_DEVICE_FAMILY = "1,2";
			};
			name = Release;
		};
		47A254CC265DAD8D84876B91 /* Debug */ = {
			isa = XCBuildConfiguration;
			buildSettings = {
				BUNDLE_LOADER = "$(TEST_HOST)";
				GENERATE_INFOPLIST_FILE = YES;
				LD_RUNPATH_SEARCH_PATHS = (
					"$(inherited)",
					"@executable_path/Frameworks",
					"@loader_path/Frameworks",
				);
				PRODUCT_BUNDLE_IDENTIFIER = io.github.qwertyuiop1995.dsmnativeclient.mobile.tests;
				SDKROOT = iphoneos;
				TARGETED_DEVICE_FAMILY = "1,2";
				TEST_HOST = "$(BUILT_PRODUCTS_DIR)/DsmMobile.app/DsmMobile";
			};
			name = Debug;
		};
		8A04D94CE597A8E21E430E6A /* Release */ = {
			isa = XCBuildConfiguration;
			buildSettings = {
				ALWAYS_SEARCH_USER_PATHS = NO;
				CLANG_ANALYZER_NONNULL = YES;
				CLANG_ANALYZER_NUMBER_OBJECT_CONVERSION = YES_AGGRESSIVE;
				CLANG_CXX_LANGUAGE_STANDARD = "gnu++14";
				CLANG_CXX_LIBRARY = "libc++";
				CLANG_ENABLE_MODULES = YES;
				CLANG_ENABLE_OBJC_ARC = YES;
				CLANG_ENABLE_OBJC_WEAK = YES;
				CLANG_WARN_BLOCK_CAPTURE_AUTORELEASING = YES;
				CLANG_WARN_BOOL_CONVERSION = YES;
				CLANG_WARN_COMMA = YES;
				CLANG_WARN_CONSTANT_CONVERSION = YES;
				CLANG_WARN_DEPRECATED_OBJC_IMPLEMENTATIONS = YES;
				CLANG_WARN_DIRECT_OBJC_ISA_USAGE = YES_ERROR;
				CLANG_WARN_DOCUMENTATION_COMMENTS = YES;
				CLANG_WARN_EMPTY_BODY = YES;
				CLANG_WARN_ENUM_CONVERSION = YES;
				CLANG_WARN_INFINITE_RECURSION = YES;
				CLANG_WARN_INT_CONVERSION = YES;
				CLANG_WARN_NON_LITERAL_NULL_CONVERSION = YES;
				CLANG_WARN_OBJC_IMPLICIT_RETAIN_SELF = YES;
				CLANG_WARN_OBJC_LITERAL_CONVERSION = YES;
				CLANG_WARN_OBJC_ROOT_CLASS = YES_ERROR;
				CLANG_WARN_QUOTED_INCLUDE_IN_FRAMEWORK_HEADER = YES;
				CLANG_WARN_RANGE_LOOP_ANALYSIS = YES;
				CLANG_WARN_STRICT_PROTOTYPES = YES;
				CLANG_WARN_SUSPICIOUS_MOVE = YES;
				CLANG_WARN_UNGUARDED_AVAILABILITY = YES_AGGRESSIVE;
				CLANG_WARN_UNREACHABLE_CODE = YES;
				CLANG_WARN__DUPLICATE_METHOD_MATCH = YES;
				CODE_SIGN_STYLE = Automatic;
				COPY_PHASE_STRIP = NO;
				DEBUG_INFORMATION_FORMAT = "dwarf-with-dsym";
				DEVELOPMENT_TEAM = "";
				ENABLE_NS_ASSERTIONS = NO;
				ENABLE_STRICT_OBJC_MSGSEND = YES;
				GCC_C_LANGUAGE_STANDARD = gnu11;
				GCC_NO_COMMON_BLOCKS = YES;
				GCC_WARN_64_TO_32_BIT_CONVERSION = YES;
				GCC_WARN_ABOUT_RETURN_TYPE = YES_ERROR;
				GCC_WARN_UNDECLARED_SELECTOR = YES;
				GCC_WARN_UNINITIALIZED_AUTOS = YES_AGGRESSIVE;
				GCC_WARN_UNUSED_FUNCTION = YES;
				GCC_WARN_UNUSED_VARIABLE = YES;
				IPHONEOS_DEPLOYMENT_TARGET = 17.0;
				MTL_ENABLE_DEBUG_INFO = NO;
				MTL_FAST_MATH = YES;
				PRODUCT_NAME = "$(TARGET_NAME)";
				SDKROOT = iphoneos;
				SWIFT_COMPILATION_MODE = wholemodule;
				SWIFT_OPTIMIZATION_LEVEL = "-O";
				SWIFT_VERSION = 6.0;
			};
			name = Release;
		};
		BB6E778B326987097C759331 /* Release */ = {
			isa = XCBuildConfiguration;
			buildSettings = {
				BUNDLE_LOADER = "$(TEST_HOST)";
				GENERATE_INFOPLIST_FILE = YES;
				LD_RUNPATH_SEARCH_PATHS = (
					"$(inherited)",
					"@executable_path/Frameworks",
					"@loader_path/Frameworks",
				);
				PRODUCT_BUNDLE_IDENTIFIER = io.github.qwertyuiop1995.dsmnativeclient.mobile.tests;
				SDKROOT = iphoneos;
				TARGETED_DEVICE_FAMILY = "1,2";
				TEST_HOST = "$(BUILT_PRODUCTS_DIR)/DsmMobile.app/DsmMobile";
			};
			name = Release;
		};
/* End XCBuildConfiguration section */

/* Begin XCConfigurationList section */
		308B9B43E707D32AD0AE00AB /* Build configuration list for PBXProject "DsmMobile" */ = {
			isa = XCConfigurationList;
			buildConfigurations = (
				222E26220EFDA43B77218D26 /* Debug */,
				8A04D94CE597A8E21E430E6A /* Release */,
			);
			defaultConfigurationIsVisible = 0;
			defaultConfigurationName = Debug;
		};
		E42C6D734290141EE0744DB9 /* Build configuration list for PBXNativeTarget "DsmMobileTests" */ = {
			isa = XCConfigurationList;
			buildConfigurations = (
				47A254CC265DAD8D84876B91 /* Debug */,
				BB6E778B326987097C759331 /* Release */,
			);
			defaultConfigurationIsVisible = 0;
			defaultConfigurationName = Debug;
		};
		E74A05B64D35CA21A21D65C5 /* Build configuration list for PBXNativeTarget "DsmMobile" */ = {
			isa = XCConfigurationList;
			buildConfigurations = (
				1F173CBB0D72CA722D58FB47 /* Debug */,
				2E44F3DC8EB43066783B7B02 /* Release */,
			);
			defaultConfigurationIsVisible = 0;
			defaultConfigurationName = Debug;
		};
/* End XCConfigurationList section */

/* Begin XCLocalSwiftPackageReference section */
		41FD3D22E5DFF7F9299494FE /* XCLocalSwiftPackageReference "../.." */ = {
			isa = XCLocalSwiftPackageReference;
			relativePath = ../..;
		};
/* End XCLocalSwiftPackageReference section */

/* Begin XCSwiftPackageProductDependency section */
		014F2C74E046B32D937E73A2 /* DsmNetwork */ = {
			isa = XCSwiftPackageProductDependency;
			productName = DsmNetwork;
		};
		1378A92318CD7678974010E4 /* DsmLocalization */ = {
			isa = XCSwiftPackageProductDependency;
			productName = DsmLocalization;
		};
		28492EA0CE4CAD3EC3C9163D /* DsmCore */ = {
			isa = XCSwiftPackageProductDependency;
			productName = DsmCore;
		};
/* End XCSwiftPackageProductDependency section */
	};
	rootObject = D6A8E76CA318D27E9A0868BA /* Project object */;
}
